// !$*UTF8*$!
{
	archiveVersion = 1;
	classes = {
	};
	objectVersion = 55;
	objects = {

/* Begin PBXBuildFile section */
		855E55E1280EA0E900D9D58B /* Tests_iOS.swift in Sources */ = {isa = PBXBuildFile; fileRef = 855E55E0280EA0E900D9D58B /* Tests_iOS.swift */; };
		855E55E3280EA0E900D9D58B /* Tests_iOSLaunchTests.swift in Sources */ = {isa = PBXBuildFile; fileRef = 855E55E2280EA0E900D9D58B /* Tests_iOSLaunchTests.swift */; };
		855E55ED280EA0E900D9D58B /* Tests_macOS.swift in Sources */ = {isa = PBXBuildFile; fileRef = 855E55EC280EA0E900D9D58B /* Tests_macOS.swift */; };
		855E55EF280EA0E900D9D58B /* Tests_macOSLaunchTests.swift in Sources */ = {isa = PBXBuildFile; fileRef = 855E55EE280EA0E900D9D58B /* Tests_macOSLaunchTests.swift */; };
		855E55F0280EA0E900D9D58B /* iOSTemplateApp.swift in Sources */ = {isa = PBXBuildFile; fileRef = 855E55C8280EA0E200D9D58B /* iOSTemplateApp.swift */; };
		855E55F1280EA0E900D9D58B /* iOSTemplateApp.swift in Sources */ = {isa = PBXBuildFile; fileRef = 855E55C8280EA0E200D9D58B /* iOSTemplateApp.swift */; };
		855E55F2280EA0E900D9D58B /* ContentView.swift in Sources */ = {isa = PBXBuildFile; fileRef = 855E55C9280EA0E200D9D58B /* ContentView.swift */; };
		855E55F3280EA0E900D9D58B /* ContentView.swift in Sources */ = {isa = PBXBuildFile; fileRef = 855E55C9280EA0E200D9D58B /* ContentView.swift */; };
		855E55F4280EA0E900D9D58B /* Assets.xcassets in Resources */ = {isa = PBXBuildFile; fileRef = 855E55CA280EA0E900D9D58B /* Assets.xcassets */; };
		855E55F5280EA0E900D9D58B /* Assets.xcassets in Resources */ = {isa = PBXBuildFile; fileRef = 855E55CA280EA0E900D9D58B /* Assets.xcassets */; };
		855E5606280EA35B00D9D58B /* SwiftUIPro in Frameworks */ = {isa = PBXBuildFile; productRef = 855E5605280EA35B00D9D58B /* SwiftUIPro */; };
		855E5609280EA38200D9D58B /* SwiftExtensions in Frameworks */ = {isa = PBXBuildFile; productRef = 855E5608280EA38200D9D58B /* SwiftExtensions */; };
		855E560C280EA3A900D9D58B /* PropertyWrapperAPI in Frameworks */ = {isa = PBXBuildFile; productRef = 855E560B280EA3A900D9D58B /* PropertyWrapperAPI */; };
		855E561A280EA57100D9D58B /* AppConfiguration.swift in Sources */ = {isa = PBXBuildFile; fileRef = 855E5619280EA57100D9D58B /* AppConfiguration.swift */; };
		855E561B280EA57100D9D58B /* AppConfiguration.swift in Sources */ = {isa = PBXBuildFile; fileRef = 855E5619280EA57100D9D58B /* AppConfiguration.swift */; };
		855E561C280EA57100D9D58B /* AppConfiguration.swift in Sources */ = {isa = PBXBuildFile; fileRef = 855E5619280EA57100D9D58B /* AppConfiguration.swift */; };
		855E561D280EA57100D9D58B /* AppConfiguration.swift in Sources */ = {isa = PBXBuildFile; fileRef = 855E5619280EA57100D9D58B /* AppConfiguration.swift */; };
		855E5638280EAABD00D9D58B /* BuildConfiguration.swift in Sources */ = {isa = PBXBuildFile; fileRef = 855E5637280EAABD00D9D58B /* BuildConfiguration.swift */; };
		855E5639280EAABD00D9D58B /* BuildConfiguration.swift in Sources */ = {isa = PBXBuildFile; fileRef = 855E5637280EAABD00D9D58B /* BuildConfiguration.swift */; };
		855E563A280EAABD00D9D58B /* BuildConfiguration.swift in Sources */ = {isa = PBXBuildFile; fileRef = 855E5637280EAABD00D9D58B /* BuildConfiguration.swift */; };
		855E563B280EAABD00D9D58B /* BuildConfiguration.swift in Sources */ = {isa = PBXBuildFile; fileRef = 855E5637280EAABD00D9D58B /* BuildConfiguration.swift */; };
		855E5642280EB9D400D9D58B /* URLRequest++.swift in Sources */ = {isa = PBXBuildFile; fileRef = 855E5641280EB9D400D9D58B /* URLRequest++.swift */; };
		855E5643280EB9D400D9D58B /* URLRequest++.swift in Sources */ = {isa = PBXBuildFile; fileRef = 855E5641280EB9D400D9D58B /* URLRequest++.swift */; };
		855E5644280EB9D400D9D58B /* URLRequest++.swift in Sources */ = {isa = PBXBuildFile; fileRef = 855E5641280EB9D400D9D58B /* URLRequest++.swift */; };
		855E5645280EB9D400D9D58B /* URLRequest++.swift in Sources */ = {isa = PBXBuildFile; fileRef = 855E5641280EB9D400D9D58B /* URLRequest++.swift */; };
		855E5647280EBA6A00D9D58B /* HTTPMethod.swift in Sources */ = {isa = PBXBuildFile; fileRef = 855E5646280EBA6A00D9D58B /* HTTPMethod.swift */; };
		855E5648280EBA6A00D9D58B /* HTTPMethod.swift in Sources */ = {isa = PBXBuildFile; fileRef = 855E5646280EBA6A00D9D58B /* HTTPMethod.swift */; };
		855E5649280EBA6A00D9D58B /* HTTPMethod.swift in Sources */ = {isa = PBXBuildFile; fileRef = 855E5646280EBA6A00D9D58B /* HTTPMethod.swift */; };
		855E564A280EBA6A00D9D58B /* HTTPMethod.swift in Sources */ = {isa = PBXBuildFile; fileRef = 855E5646280EBA6A00D9D58B /* HTTPMethod.swift */; };
		855E564C280EBC4200D9D58B /* Params.swift in Sources */ = {isa = PBXBuildFile; fileRef = 855E564B280EBC4200D9D58B /* Params.swift */; };
		855E564D280EBC4200D9D58B /* Params.swift in Sources */ = {isa = PBXBuildFile; fileRef = 855E564B280EBC4200D9D58B /* Params.swift */; };
		855E564E280EBC4200D9D58B /* Params.swift in Sources */ = {isa = PBXBuildFile; fileRef = 855E564B280EBC4200D9D58B /* Params.swift */; };
		855E564F280EBC4200D9D58B /* Params.swift in Sources */ = {isa = PBXBuildFile; fileRef = 855E564B280EBC4200D9D58B /* Params.swift */; };
		855E5651280EC02E00D9D58B /* RESTRequest.swift in Sources */ = {isa = PBXBuildFile; fileRef = 855E5650280EC02E00D9D58B /* RESTRequest.swift */; };
		855E5652280EC02E00D9D58B /* RESTRequest.swift in Sources */ = {isa = PBXBuildFile; fileRef = 855E5650280EC02E00D9D58B /* RESTRequest.swift */; };
		855E5653280EC02E00D9D58B /* RESTRequest.swift in Sources */ = {isa = PBXBuildFile; fileRef = 855E5650280EC02E00D9D58B /* RESTRequest.swift */; };
		855E5654280EC02E00D9D58B /* RESTRequest.swift in Sources */ = {isa = PBXBuildFile; fileRef = 855E5650280EC02E00D9D58B /* RESTRequest.swift */; };
		855E5656280ECCAC00D9D58B /* RESTAPI++.swift in Sources */ = {isa = PBXBuildFile; fileRef = 855E5655280ECCAC00D9D58B /* RESTAPI++.swift */; };
		855E5657280ECCAC00D9D58B /* RESTAPI++.swift in Sources */ = {isa = PBXBuildFile; fileRef = 855E5655280ECCAC00D9D58B /* RESTAPI++.swift */; };
		855E5658280ECCAC00D9D58B /* RESTAPI++.swift in Sources */ = {isa = PBXBuildFile; fileRef = 855E5655280ECCAC00D9D58B /* RESTAPI++.swift */; };
		855E5659280ECCAC00D9D58B /* RESTAPI++.swift in Sources */ = {isa = PBXBuildFile; fileRef = 855E5655280ECCAC00D9D58B /* RESTAPI++.swift */; };
		855E565B280ECCF600D9D58B /* Request.swift in Sources */ = {isa = PBXBuildFile; fileRef = 855E565A280ECCF600D9D58B /* Request.swift */; };
		855E565C280ECCF600D9D58B /* Request.swift in Sources */ = {isa = PBXBuildFile; fileRef = 855E565A280ECCF600D9D58B /* Request.swift */; };
		855E565D280ECCF600D9D58B /* Request.swift in Sources */ = {isa = PBXBuildFile; fileRef = 855E565A280ECCF600D9D58B /* Request.swift */; };
		855E565E280ECCF600D9D58B /* Request.swift in Sources */ = {isa = PBXBuildFile; fileRef = 855E565A280ECCF600D9D58B /* Request.swift */; };
		855E5660280ECD2500D9D58B /* Response.swift in Sources */ = {isa = PBXBuildFile; fileRef = 855E565F280ECD2500D9D58B /* Response.swift */; };
		855E5661280ECD2500D9D58B /* Response.swift in Sources */ = {isa = PBXBuildFile; fileRef = 855E565F280ECD2500D9D58B /* Response.swift */; };
		855E5662280ECD2500D9D58B /* Response.swift in Sources */ = {isa = PBXBuildFile; fileRef = 855E565F280ECD2500D9D58B /* Response.swift */; };
		855E5663280ECD2500D9D58B /* Response.swift in Sources */ = {isa = PBXBuildFile; fileRef = 855E565F280ECD2500D9D58B /* Response.swift */; };
		855E5665280ED21700D9D58B /* Serializer.swift in Sources */ = {isa = PBXBuildFile; fileRef = 855E5664280ED21700D9D58B /* Serializer.swift */; };
		855E5666280ED21700D9D58B /* Serializer.swift in Sources */ = {isa = PBXBuildFile; fileRef = 855E5664280ED21700D9D58B /* Serializer.swift */; };
		855E5667280ED21700D9D58B /* Serializer.swift in Sources */ = {isa = PBXBuildFile; fileRef = 855E5664280ED21700D9D58B /* Serializer.swift */; };
		855E5668280ED21700D9D58B /* Serializer.swift in Sources */ = {isa = PBXBuildFile; fileRef = 855E5664280ED21700D9D58B /* Serializer.swift */; };
		855E566A280ED23E00D9D58B /* AnyEncodable.swift in Sources */ = {isa = PBXBuildFile; fileRef = 855E5669280ED23E00D9D58B /* AnyEncodable.swift */; };
		855E566B280ED23E00D9D58B /* AnyEncodable.swift in Sources */ = {isa = PBXBuildFile; fileRef = 855E5669280ED23E00D9D58B /* AnyEncodable.swift */; };
		855E566C280ED23E00D9D58B /* AnyEncodable.swift in Sources */ = {isa = PBXBuildFile; fileRef = 855E5669280ED23E00D9D58B /* AnyEncodable.swift */; };
		855E566D280ED23E00D9D58B /* AnyEncodable.swift in Sources */ = {isa = PBXBuildFile; fileRef = 855E5669280ED23E00D9D58B /* AnyEncodable.swift */; };
		855E566F280ED27C00D9D58B /* OperationQueue++.swift in Sources */ = {isa = PBXBuildFile; fileRef = 855E566E280ED27C00D9D58B /* OperationQueue++.swift */; };
		855E5670280ED27C00D9D58B /* OperationQueue++.swift in Sources */ = {isa = PBXBuildFile; fileRef = 855E566E280ED27C00D9D58B /* OperationQueue++.swift */; };
		855E5671280ED27C00D9D58B /* OperationQueue++.swift in Sources */ = {isa = PBXBuildFile; fileRef = 855E566E280ED27C00D9D58B /* OperationQueue++.swift */; };
		855E5672280ED27C00D9D58B /* OperationQueue++.swift in Sources */ = {isa = PBXBuildFile; fileRef = 855E566E280ED27C00D9D58B /* OperationQueue++.swift */; };
		855E5674280ED2B900D9D58B /* URLSessionProxyDelegate.swift in Sources */ = {isa = PBXBuildFile; fileRef = 855E5673280ED2B900D9D58B /* URLSessionProxyDelegate.swift */; };
		855E5675280ED2B900D9D58B /* URLSessionProxyDelegate.swift in Sources */ = {isa = PBXBuildFile; fileRef = 855E5673280ED2B900D9D58B /* URLSessionProxyDelegate.swift */; };
		855E5676280ED2B900D9D58B /* URLSessionProxyDelegate.swift in Sources */ = {isa = PBXBuildFile; fileRef = 855E5673280ED2B900D9D58B /* URLSessionProxyDelegate.swift */; };
		855E5677280ED2B900D9D58B /* URLSessionProxyDelegate.swift in Sources */ = {isa = PBXBuildFile; fileRef = 855E5673280ED2B900D9D58B /* URLSessionProxyDelegate.swift */; };
/* End PBXBuildFile section */

/* Begin PBXContainerItemProxy section */
		855E55DD280EA0E900D9D58B /* PBXContainerItemProxy */ = {
			isa = PBXContainerItemProxy;
			containerPortal = 855E55C3280EA0E200D9D58B /* Project object */;
			proxyType = 1;
			remoteGlobalIDString = 855E55CE280EA0E900D9D58B;
			remoteInfo = "iOSTemplate (iOS)";
		};
		855E55E9280EA0E900D9D58B /* PBXContainerItemProxy */ = {
			isa = PBXContainerItemProxy;
			containerPortal = 855E55C3280EA0E200D9D58B /* Project object */;
			proxyType = 1;
			remoteGlobalIDString = 855E55D4280EA0E900D9D58B;
			remoteInfo = "iOSTemplate (macOS)";
		};
/* End PBXContainerItemProxy section */

/* Begin PBXFileReference section */
		855E55C8280EA0E200D9D58B /* iOSTemplateApp.swift */ = {isa = PBXFileReference; lastKnownFileType = sourcecode.swift; path = iOSTemplateApp.swift; sourceTree = "<group>"; };
		855E55C9280EA0E200D9D58B /* ContentView.swift */ = {isa = PBXFileReference; lastKnownFileType = sourcecode.swift; path = ContentView.swift; sourceTree = "<group>"; };
		855E55CA280EA0E900D9D58B /* Assets.xcassets */ = {isa = PBXFileReference; lastKnownFileType = folder.assetcatalog; path = Assets.xcassets; sourceTree = "<group>"; };
		855E55CF280EA0E900D9D58B /* iOSTemplate.app */ = {isa = PBXFileReference; explicitFileType = wrapper.application; includeInIndex = 0; path = iOSTemplate.app; sourceTree = BUILT_PRODUCTS_DIR; };
		855E55D5280EA0E900D9D58B /* iOSTemplate.app */ = {isa = PBXFileReference; explicitFileType = wrapper.application; includeInIndex = 0; path = iOSTemplate.app; sourceTree = BUILT_PRODUCTS_DIR; };
		855E55D7280EA0E900D9D58B /* macOS.entitlements */ = {isa = PBXFileReference; lastKnownFileType = text.plist.entitlements; path = macOS.entitlements; sourceTree = "<group>"; };
		855E55DC280EA0E900D9D58B /* Tests iOS.xctest */ = {isa = PBXFileReference; explicitFileType = wrapper.cfbundle; includeInIndex = 0; path = "Tests iOS.xctest"; sourceTree = BUILT_PRODUCTS_DIR; };
		855E55E0280EA0E900D9D58B /* Tests_iOS.swift */ = {isa = PBXFileReference; lastKnownFileType = sourcecode.swift; path = Tests_iOS.swift; sourceTree = "<group>"; };
		855E55E2280EA0E900D9D58B /* Tests_iOSLaunchTests.swift */ = {isa = PBXFileReference; lastKnownFileType = sourcecode.swift; path = Tests_iOSLaunchTests.swift; sourceTree = "<group>"; };
		855E55E8280EA0E900D9D58B /* Tests macOS.xctest */ = {isa = PBXFileReference; explicitFileType = wrapper.cfbundle; includeInIndex = 0; path = "Tests macOS.xctest"; sourceTree = BUILT_PRODUCTS_DIR; };
		855E55EC280EA0E900D9D58B /* Tests_macOS.swift */ = {isa = PBXFileReference; lastKnownFileType = sourcecode.swift; path = Tests_macOS.swift; sourceTree = "<group>"; };
		855E55EE280EA0E900D9D58B /* Tests_macOSLaunchTests.swift */ = {isa = PBXFileReference; lastKnownFileType = sourcecode.swift; path = Tests_macOSLaunchTests.swift; sourceTree = "<group>"; };
		855E5619280EA57100D9D58B /* AppConfiguration.swift */ = {isa = PBXFileReference; lastKnownFileType = sourcecode.swift; path = AppConfiguration.swift; sourceTree = "<group>"; };
		855E5635280EAA8300D9D58B /* iOSTemplate--iOS--Info.plist */ = {isa = PBXFileReference; lastKnownFileType = text.plist; path = "iOSTemplate--iOS--Info.plist"; sourceTree = "<group>"; };
		855E5636280EAAA000D9D58B /* iOSTemplate--macOS--Info.plist */ = {isa = PBXFileReference; lastKnownFileType = text.plist; path = "iOSTemplate--macOS--Info.plist"; sourceTree = "<group>"; };
		855E5637280EAABD00D9D58B /* BuildConfiguration.swift */ = {isa = PBXFileReference; lastKnownFileType = sourcecode.swift; path = BuildConfiguration.swift; sourceTree = "<group>"; };
		855E563D280EAC0200D9D58B /* Development.xcconfig */ = {isa = PBXFileReference; lastKnownFileType = text.xcconfig; path = Development.xcconfig; sourceTree = "<group>"; };
		855E563E280EAC1E00D9D58B /* Staging.xcconfig */ = {isa = PBXFileReference; lastKnownFileType = text.xcconfig; path = Staging.xcconfig; sourceTree = "<group>"; };
		855E563F280EAC3000D9D58B /* Release.xcconfig */ = {isa = PBXFileReference; lastKnownFileType = text.xcconfig; path = Release.xcconfig; sourceTree = "<group>"; };
		855E5641280EB9D400D9D58B /* URLRequest++.swift */ = {isa = PBXFileReference; lastKnownFileType = sourcecode.swift; path = "URLRequest++.swift"; sourceTree = "<group>"; };
		855E5646280EBA6A00D9D58B /* HTTPMethod.swift */ = {isa = PBXFileReference; lastKnownFileType = sourcecode.swift; path = HTTPMethod.swift; sourceTree = "<group>"; };
		855E564B280EBC4200D9D58B /* Params.swift */ = {isa = PBXFileReference; lastKnownFileType = sourcecode.swift; path = Params.swift; sourceTree = "<group>"; };
		855E5650280EC02E00D9D58B /* RESTRequest.swift */ = {isa = PBXFileReference; lastKnownFileType = sourcecode.swift; path = RESTRequest.swift; sourceTree = "<group>"; };
		855E5655280ECCAC00D9D58B /* RESTAPI++.swift */ = {isa = PBXFileReference; lastKnownFileType = sourcecode.swift; path = "RESTAPI++.swift"; sourceTree = "<group>"; };
		855E565A280ECCF600D9D58B /* Request.swift */ = {isa = PBXFileReference; lastKnownFileType = sourcecode.swift; path = Request.swift; sourceTree = "<group>"; };
		855E565F280ECD2500D9D58B /* Response.swift */ = {isa = PBXFileReference; lastKnownFileType = sourcecode.swift; path = Response.swift; sourceTree = "<group>"; };
		855E5664280ED21700D9D58B /* Serializer.swift */ = {isa = PBXFileReference; lastKnownFileType = sourcecode.swift; path = Serializer.swift; sourceTree = "<group>"; };
		855E5669280ED23E00D9D58B /* AnyEncodable.swift */ = {isa = PBXFileReference; lastKnownFileType = sourcecode.swift; path = AnyEncodable.swift; sourceTree = "<group>"; };
		855E566E280ED27C00D9D58B /* OperationQueue++.swift */ = {isa = PBXFileReference; lastKnownFileType = sourcecode.swift; path = "OperationQueue++.swift"; sourceTree = "<group>"; };
		855E5673280ED2B900D9D58B /* URLSessionProxyDelegate.swift */ = {isa = PBXFileReference; lastKnownFileType = sourcecode.swift; path = URLSessionProxyDelegate.swift; sourceTree = "<group>"; };
/* End PBXFileReference section */

/* Begin PBXFrameworksBuildPhase section */
		855E55CC280EA0E900D9D58B /* Frameworks */ = {
			isa = PBXFrameworksBuildPhase;
			buildActionMask = 2147483647;
			files = (
				855E5609280EA38200D9D58B /* SwiftExtensions in Frameworks */,
				855E5606280EA35B00D9D58B /* SwiftUIPro in Frameworks */,
				855E560C280EA3A900D9D58B /* PropertyWrapperAPI in Frameworks */,
			);
			runOnlyForDeploymentPostprocessing = 0;
		};
		855E55D2280EA0E900D9D58B /* Frameworks */ = {
			isa = PBXFrameworksBuildPhase;
			buildActionMask = 2147483647;
			files = (
			);
			runOnlyForDeploymentPostprocessing = 0;
		};
		855E55D9280EA0E900D9D58B /* Frameworks */ = {
			isa = PBXFrameworksBuildPhase;
			buildActionMask = 2147483647;
			files = (
			);
			runOnlyForDeploymentPostprocessing = 0;
		};
		855E55E5280EA0E900D9D58B /* Frameworks */ = {
			isa = PBXFrameworksBuildPhase;
			buildActionMask = 2147483647;
			files = (
			);
			runOnlyForDeploymentPostprocessing = 0;
		};
/* End PBXFrameworksBuildPhase section */

/* Begin PBXGroup section */
		855E55C2280EA0E200D9D58B = {
			isa = PBXGroup;
			children = (
				855E5636280EAAA000D9D58B /* iOSTemplate--macOS--Info.plist */,
				855E5635280EAA8300D9D58B /* iOSTemplate--iOS--Info.plist */,
				855E55C7280EA0E200D9D58B /* Shared */,
				855E55D6280EA0E900D9D58B /* macOS */,
				855E55DF280EA0E900D9D58B /* Tests iOS */,
				855E55EB280EA0E900D9D58B /* Tests macOS */,
				855E55D0280EA0E900D9D58B /* Products */,
			);
			sourceTree = "<group>";
		};
		855E55C7280EA0E200D9D58B /* Shared */ = {
			isa = PBXGroup;
			children = (
				855E55CA280EA0E900D9D58B /* Assets.xcassets */,
				855E55C9280EA0E200D9D58B /* ContentView.swift */,
				855E55C8280EA0E200D9D58B /* iOSTemplateApp.swift */,
				855E560D280EA40B00D9D58B /* Sources */,
			);
			path = Shared;
			sourceTree = "<group>";
		};
		855E55D0280EA0E900D9D58B /* Products */ = {
			isa = PBXGroup;
			children = (
				855E55CF280EA0E900D9D58B /* iOSTemplate.app */,
				855E55D5280EA0E900D9D58B /* iOSTemplate.app */,
				855E55DC280EA0E900D9D58B /* Tests iOS.xctest */,
				855E55E8280EA0E900D9D58B /* Tests macOS.xctest */,
			);
			name = Products;
			sourceTree = "<group>";
		};
		855E55D6280EA0E900D9D58B /* macOS */ = {
			isa = PBXGroup;
			children = (
				855E55D7280EA0E900D9D58B /* macOS.entitlements */,
			);
			path = macOS;
			sourceTree = "<group>";
		};
		855E55DF280EA0E900D9D58B /* Tests iOS */ = {
			isa = PBXGroup;
			children = (
				855E55E0280EA0E900D9D58B /* Tests_iOS.swift */,
				855E55E2280EA0E900D9D58B /* Tests_iOSLaunchTests.swift */,
			);
			path = "Tests iOS";
			sourceTree = "<group>";
		};
		855E55EB280EA0E900D9D58B /* Tests macOS */ = {
			isa = PBXGroup;
			children = (
				855E55EC280EA0E900D9D58B /* Tests_macOS.swift */,
				855E55EE280EA0E900D9D58B /* Tests_macOSLaunchTests.swift */,
			);
			path = "Tests macOS";
			sourceTree = "<group>";
		};
		855E560D280EA40B00D9D58B /* Sources */ = {
			isa = PBXGroup;
			children = (
				855E5614280EA4B700D9D58B /* Shared */,
				855E560F280EA41A00D9D58B /* Features */,
				855E560E280EA41300D9D58B /* Core */,
			);
			path = Sources;
			sourceTree = "<group>";
		};
		855E560E280EA41300D9D58B /* Core */ = {
			isa = PBXGroup;
			children = (
				855E5612280EA48A00D9D58B /* API */,
				855E5610280EA45F00D9D58B /* Collections */,
				855E5611280EA47600D9D58B /* Controllers */,
			);
			path = Core;
			sourceTree = "<group>";
		};
		855E560F280EA41A00D9D58B /* Features */ = {
			isa = PBXGroup;
			children = (
				855E5613280EA49600D9D58B /* Feature 1 */,
			);
			path = Features;
			sourceTree = "<group>";
		};
		855E5610280EA45F00D9D58B /* Collections */ = {
			isa = PBXGroup;
			children = (
			);
			path = Collections;
			sourceTree = "<group>";
		};
		855E5611280EA47600D9D58B /* Controllers */ = {
			isa = PBXGroup;
			children = (
			);
			path = Controllers;
			sourceTree = "<group>";
		};
		855E5612280EA48A00D9D58B /* API */ = {
			isa = PBXGroup;
			children = (
				855E5640280EB9BA00D9D58B /* RESTRequest */,
			);
			path = API;
			sourceTree = "<group>";
		};
		855E5613280EA49600D9D58B /* Feature 1 */ = {
			isa = PBXGroup;
			children = (
				855E5616280EA4D500D9D58B /* Primary */,
				855E5617280EA4DB00D9D58B /* Secondary */,
				855E561F280EA6CE00D9D58B /* Tertiary */,
			);
			path = "Feature 1";
			sourceTree = "<group>";
		};
		855E5614280EA4B700D9D58B /* Shared */ = {
			isa = PBXGroup;
			children = (
				855E563C280EABC900D9D58B /* XCConfig */,
				855E5618280EA4F000D9D58B /* Configurations */,
				855E5615280EA4C100D9D58B /* Extensions */,
				855E561E280EA68600D9D58B /* Localization */,
				855E5620280EA70F00D9D58B /* Views */,
			);
			path = Shared;
			sourceTree = "<group>";
		};
		855E5615280EA4C100D9D58B /* Extensions */ = {
			isa = PBXGroup;
			children = (
			);
			path = Extensions;
			sourceTree = "<group>";
		};
		855E5616280EA4D500D9D58B /* Primary */ = {
			isa = PBXGroup;
			children = (
			);
			path = Primary;
			sourceTree = "<group>";
		};
		855E5617280EA4DB00D9D58B /* Secondary */ = {
			isa = PBXGroup;
			children = (
			);
			path = Secondary;
			sourceTree = "<group>";
		};
		855E5618280EA4F000D9D58B /* Configurations */ = {
			isa = PBXGroup;
			children = (
				855E5619280EA57100D9D58B /* AppConfiguration.swift */,
				855E5637280EAABD00D9D58B /* BuildConfiguration.swift */,
			);
			path = Configurations;
			sourceTree = "<group>";
		};
		855E561E280EA68600D9D58B /* Localization */ = {
			isa = PBXGroup;
			children = (
			);
			path = Localization;
			sourceTree = "<group>";
		};
		855E561F280EA6CE00D9D58B /* Tertiary */ = {
			isa = PBXGroup;
			children = (
			);
			path = Tertiary;
			sourceTree = "<group>";
		};
		855E5620280EA70F00D9D58B /* Views */ = {
			isa = PBXGroup;
			children = (
			);
			path = Views;
			sourceTree = "<group>";
		};
		855E563C280EABC900D9D58B /* XCConfig */ = {
			isa = PBXGroup;
			children = (
				855E563D280EAC0200D9D58B /* Development.xcconfig */,
				855E563E280EAC1E00D9D58B /* Staging.xcconfig */,
				855E563F280EAC3000D9D58B /* Release.xcconfig */,
			);
			path = XCConfig;
			sourceTree = "<group>";
		};
		855E5640280EB9BA00D9D58B /* RESTRequest */ = {
			isa = PBXGroup;
			children = (
				855E5641280EB9D400D9D58B /* URLRequest++.swift */,
				855E5646280EBA6A00D9D58B /* HTTPMethod.swift */,
				855E564B280EBC4200D9D58B /* Params.swift */,
				855E5650280EC02E00D9D58B /* RESTRequest.swift */,
				855E5655280ECCAC00D9D58B /* RESTAPI++.swift */,
				855E565A280ECCF600D9D58B /* Request.swift */,
				855E565F280ECD2500D9D58B /* Response.swift */,
				855E5664280ED21700D9D58B /* Serializer.swift */,
				855E5669280ED23E00D9D58B /* AnyEncodable.swift */,
				855E566E280ED27C00D9D58B /* OperationQueue++.swift */,
				855E5673280ED2B900D9D58B /* URLSessionProxyDelegate.swift */,
			);
			path = RESTRequest;
			sourceTree = "<group>";
		};
/* End PBXGroup section */

/* Begin PBXNativeTarget section */
		855E55CE280EA0E900D9D58B /* iOSTemplate (iOS) */ = {
			isa = PBXNativeTarget;
			buildConfigurationList = 855E55F8280EA0E900D9D58B /* Build configuration list for PBXNativeTarget "iOSTemplate (iOS)" */;
			buildPhases = (
				855E55CB280EA0E900D9D58B /* Sources */,
				855E55CC280EA0E900D9D58B /* Frameworks */,
				855E55CD280EA0E900D9D58B /* Resources */,
			);
			buildRules = (
			);
			dependencies = (
			);
			name = "iOSTemplate (iOS)";
			packageProductDependencies = (
				855E5605280EA35B00D9D58B /* SwiftUIPro */,
				855E5608280EA38200D9D58B /* SwiftExtensions */,
				855E560B280EA3A900D9D58B /* PropertyWrapperAPI */,
			);
			productName = "iOSTemplate (iOS)";
			productReference = 855E55CF280EA0E900D9D58B /* iOSTemplate.app */;
			productType = "com.apple.product-type.application";
		};
		855E55D4280EA0E900D9D58B /* iOSTemplate (macOS) */ = {
			isa = PBXNativeTarget;
			buildConfigurationList = 855E55FB280EA0E900D9D58B /* Build configuration list for PBXNativeTarget "iOSTemplate (macOS)" */;
			buildPhases = (
				855E55D1280EA0E900D9D58B /* Sources */,
				855E55D2280EA0E900D9D58B /* Frameworks */,
				855E55D3280EA0E900D9D58B /* Resources */,
			);
			buildRules = (
			);
			dependencies = (
			);
			name = "iOSTemplate (macOS)";
			productName = "iOSTemplate (macOS)";
			productReference = 855E55D5280EA0E900D9D58B /* iOSTemplate.app */;
			productType = "com.apple.product-type.application";
		};
		855E55DB280EA0E900D9D58B /* Tests iOS */ = {
			isa = PBXNativeTarget;
			buildConfigurationList = 855E55FE280EA0E900D9D58B /* Build configuration list for PBXNativeTarget "Tests iOS" */;
			buildPhases = (
				855E55D8280EA0E900D9D58B /* Sources */,
				855E55D9280EA0E900D9D58B /* Frameworks */,
				855E55DA280EA0E900D9D58B /* Resources */,
			);
			buildRules = (
			);
			dependencies = (
				855E55DE280EA0E900D9D58B /* PBXTargetDependency */,
			);
			name = "Tests iOS";
			productName = "Tests iOS";
			productReference = 855E55DC280EA0E900D9D58B /* Tests iOS.xctest */;
			productType = "com.apple.product-type.bundle.ui-testing";
		};
		855E55E7280EA0E900D9D58B /* Tests macOS */ = {
			isa = PBXNativeTarget;
			buildConfigurationList = 855E5601280EA0E900D9D58B /* Build configuration list for PBXNativeTarget "Tests macOS" */;
			buildPhases = (
				855E55E4280EA0E900D9D58B /* Sources */,
				855E55E5280EA0E900D9D58B /* Frameworks */,
				855E55E6280EA0E900D9D58B /* Resources */,
			);
			buildRules = (
			);
			dependencies = (
				855E55EA280EA0E900D9D58B /* PBXTargetDependency */,
			);
			name = "Tests macOS";
			productName = "Tests macOS";
			productReference = 855E55E8280EA0E900D9D58B /* Tests macOS.xctest */;
			productType = "com.apple.product-type.bundle.ui-testing";
		};
/* End PBXNativeTarget section */

/* Begin PBXProject section */
		855E55C3280EA0E200D9D58B /* Project object */ = {
			isa = PBXProject;
			attributes = {
				BuildIndependentTargetsInParallel = 1;
				LastSwiftUpdateCheck = 1330;
				LastUpgradeCheck = 1330;
				TargetAttributes = {
					855E55CE280EA0E900D9D58B = {
						CreatedOnToolsVersion = 13.3;
					};
					855E55D4280EA0E900D9D58B = {
						CreatedOnToolsVersion = 13.3;
					};
					855E55DB280EA0E900D9D58B = {
						CreatedOnToolsVersion = 13.3;
						TestTargetID = 855E55CE280EA0E900D9D58B;
					};
					855E55E7280EA0E900D9D58B = {
						CreatedOnToolsVersion = 13.3;
						TestTargetID = 855E55D4280EA0E900D9D58B;
					};
				};
			};
			buildConfigurationList = 855E55C6280EA0E200D9D58B /* Build configuration list for PBXProject "iOSTemplate" */;
			compatibilityVersion = "Xcode 13.0";
			developmentRegion = en;
			hasScannedForEncodings = 0;
			knownRegions = (
				en,
				Base,
			);
			mainGroup = 855E55C2280EA0E200D9D58B;
			packageReferences = (
				855E5604280EA35B00D9D58B /* XCRemoteSwiftPackageReference "SwiftUIPro" */,
				855E5607280EA38200D9D58B /* XCRemoteSwiftPackageReference "SwiftExtensions" */,
				855E560A280EA3A900D9D58B /* XCRemoteSwiftPackageReference "PropertyWrapperAPI" */,
			);
			productRefGroup = 855E55D0280EA0E900D9D58B /* Products */;
			projectDirPath = "";
			projectRoot = "";
			targets = (
				855E55CE280EA0E900D9D58B /* iOSTemplate (iOS) */,
				855E55D4280EA0E900D9D58B /* iOSTemplate (macOS) */,
				855E55DB280EA0E900D9D58B /* Tests iOS */,
				855E55E7280EA0E900D9D58B /* Tests macOS */,
			);
		};
/* End PBXProject section */

/* Begin PBXResourcesBuildPhase section */
		855E55CD280EA0E900D9D58B /* Resources */ = {
			isa = PBXResourcesBuildPhase;
			buildActionMask = 2147483647;
			files = (
				855E55F4280EA0E900D9D58B /* Assets.xcassets in Resources */,
			);
			runOnlyForDeploymentPostprocessing = 0;
		};
		855E55D3280EA0E900D9D58B /* Resources */ = {
			isa = PBXResourcesBuildPhase;
			buildActionMask = 2147483647;
			files = (
				855E55F5280EA0E900D9D58B /* Assets.xcassets in Resources */,
			);
			runOnlyForDeploymentPostprocessing = 0;
		};
		855E55DA280EA0E900D9D58B /* Resources */ = {
			isa = PBXResourcesBuildPhase;
			buildActionMask = 2147483647;
			files = (
			);
			runOnlyForDeploymentPostprocessing = 0;
		};
		855E55E6280EA0E900D9D58B /* Resources */ = {
			isa = PBXResourcesBuildPhase;
			buildActionMask = 2147483647;
			files = (
			);
			runOnlyForDeploymentPostprocessing = 0;
		};
/* End PBXResourcesBuildPhase section */

/* Begin PBXSourcesBuildPhase section */
		855E55CB280EA0E900D9D58B /* Sources */ = {
			isa = PBXSourcesBuildPhase;
			buildActionMask = 2147483647;
			files = (
				855E5656280ECCAC00D9D58B /* RESTAPI++.swift in Sources */,
				855E5665280ED21700D9D58B /* Serializer.swift in Sources */,
				855E561A280EA57100D9D58B /* AppConfiguration.swift in Sources */,
				855E566F280ED27C00D9D58B /* OperationQueue++.swift in Sources */,
				855E564C280EBC4200D9D58B /* Params.swift in Sources */,
				855E5642280EB9D400D9D58B /* URLRequest++.swift in Sources */,
				855E5647280EBA6A00D9D58B /* HTTPMethod.swift in Sources */,
				855E55F2280EA0E900D9D58B /* ContentView.swift in Sources */,
				855E5651280EC02E00D9D58B /* RESTRequest.swift in Sources */,
				855E5660280ECD2500D9D58B /* Response.swift in Sources */,
				855E565B280ECCF600D9D58B /* Request.swift in Sources */,
				855E5674280ED2B900D9D58B /* URLSessionProxyDelegate.swift in Sources */,
				855E566A280ED23E00D9D58B /* AnyEncodable.swift in Sources */,
				855E55F0280EA0E900D9D58B /* iOSTemplateApp.swift in Sources */,
				855E5638280EAABD00D9D58B /* BuildConfiguration.swift in Sources */,
			);
			runOnlyForDeploymentPostprocessing = 0;
		};
		855E55D1280EA0E900D9D58B /* Sources */ = {
			isa = PBXSourcesBuildPhase;
			buildActionMask = 2147483647;
			files = (
				855E5657280ECCAC00D9D58B /* RESTAPI++.swift in Sources */,
				855E5666280ED21700D9D58B /* Serializer.swift in Sources */,
				855E561B280EA57100D9D58B /* AppConfiguration.swift in Sources */,
				855E5670280ED27C00D9D58B /* OperationQueue++.swift in Sources */,
				855E564D280EBC4200D9D58B /* Params.swift in Sources */,
				855E5643280EB9D400D9D58B /* URLRequest++.swift in Sources */,
				855E5648280EBA6A00D9D58B /* HTTPMethod.swift in Sources */,
				855E55F3280EA0E900D9D58B /* ContentView.swift in Sources */,
				855E5652280EC02E00D9D58B /* RESTRequest.swift in Sources */,
				855E5661280ECD2500D9D58B /* Response.swift in Sources */,
				855E565C280ECCF600D9D58B /* Request.swift in Sources */,
				855E5675280ED2B900D9D58B /* URLSessionProxyDelegate.swift in Sources */,
				855E566B280ED23E00D9D58B /* AnyEncodable.swift in Sources */,
				855E55F1280EA0E900D9D58B /* iOSTemplateApp.swift in Sources */,
				855E5639280EAABD00D9D58B /* BuildConfiguration.swift in Sources */,
			);
			runOnlyForDeploymentPostprocessing = 0;
		};
		855E55D8280EA0E900D9D58B /* Sources */ = {
			isa = PBXSourcesBuildPhase;
			buildActionMask = 2147483647;
			files = (
				855E5658280ECCAC00D9D58B /* RESTAPI++.swift in Sources */,
				855E5667280ED21700D9D58B /* Serializer.swift in Sources */,
				855E561C280EA57100D9D58B /* AppConfiguration.swift in Sources */,
				855E5671280ED27C00D9D58B /* OperationQueue++.swift in Sources */,
				855E564E280EBC4200D9D58B /* Params.swift in Sources */,
				855E5644280EB9D400D9D58B /* URLRequest++.swift in Sources */,
				855E5649280EBA6A00D9D58B /* HTTPMethod.swift in Sources */,
				855E55E3280EA0E900D9D58B /* Tests_iOSLaunchTests.swift in Sources */,
				855E5653280EC02E00D9D58B /* RESTRequest.swift in Sources */,
				855E5662280ECD2500D9D58B /* Response.swift in Sources */,
				855E565D280ECCF600D9D58B /* Request.swift in Sources */,
				855E5676280ED2B900D9D58B /* URLSessionProxyDelegate.swift in Sources */,
				855E566C280ED23E00D9D58B /* AnyEncodable.swift in Sources */,
				855E55E1280EA0E900D9D58B /* Tests_iOS.swift in Sources */,
				855E563A280EAABD00D9D58B /* BuildConfiguration.swift in Sources */,
			);
			runOnlyForDeploymentPostprocessing = 0;
		};
		855E55E4280EA0E900D9D58B /* Sources */ = {
			isa = PBXSourcesBuildPhase;
			buildActionMask = 2147483647;
			files = (
				855E5659280ECCAC00D9D58B /* RESTAPI++.swift in Sources */,
				855E5668280ED21700D9D58B /* Serializer.swift in Sources */,
				855E561D280EA57100D9D58B /* AppConfiguration.swift in Sources */,
				855E5672280ED27C00D9D58B /* OperationQueue++.swift in Sources */,
				855E564F280EBC4200D9D58B /* Params.swift in Sources */,
				855E5645280EB9D400D9D58B /* URLRequest++.swift in Sources */,
				855E564A280EBA6A00D9D58B /* HTTPMethod.swift in Sources */,
				855E55EF280EA0E900D9D58B /* Tests_macOSLaunchTests.swift in Sources */,
				855E5654280EC02E00D9D58B /* RESTRequest.swift in Sources */,
				855E5663280ECD2500D9D58B /* Response.swift in Sources */,
				855E565E280ECCF600D9D58B /* Request.swift in Sources */,
				855E5677280ED2B900D9D58B /* URLSessionProxyDelegate.swift in Sources */,
				855E566D280ED23E00D9D58B /* AnyEncodable.swift in Sources */,
				855E55ED280EA0E900D9D58B /* Tests_macOS.swift in Sources */,
				855E563B280EAABD00D9D58B /* BuildConfiguration.swift in Sources */,
			);
			runOnlyForDeploymentPostprocessing = 0;
		};
/* End PBXSourcesBuildPhase section */

/* Begin PBXTargetDependency section */
		855E55DE280EA0E900D9D58B /* PBXTargetDependency */ = {
			isa = PBXTargetDependency;
			target = 855E55CE280EA0E900D9D58B /* iOSTemplate (iOS) */;
			targetProxy = 855E55DD280EA0E900D9D58B /* PBXContainerItemProxy */;
		};
		855E55EA280EA0E900D9D58B /* PBXTargetDependency */ = {
			isa = PBXTargetDependency;
			target = 855E55D4280EA0E900D9D58B /* iOSTemplate (macOS) */;
			targetProxy = 855E55E9280EA0E900D9D58B /* PBXContainerItemProxy */;
		};
/* End PBXTargetDependency section */

/* Begin XCBuildConfiguration section */
		855E55F6280EA0E900D9D58B /* Debug */ = {
			isa = XCBuildConfiguration;
			baseConfigurationReference = 855E563F280EAC3000D9D58B /* Release.xcconfig */;
			buildSettings = {
				ALWAYS_SEARCH_USER_PATHS = NO;
				CLANG_ANALYZER_NONNULL = YES;
				CLANG_ANALYZER_NUMBER_OBJECT_CONVERSION = YES_AGGRESSIVE;
				CLANG_CXX_LANGUAGE_STANDARD = "gnu++17";
				CLANG_ENABLE_MODULES = YES;
				CLANG_ENABLE_OBJC_ARC = YES;
				CLANG_ENABLE_OBJC_WEAK = YES;
				CLANG_WARN_BLOCK_CAPTURE_AUTORELEASING = YES;
				CLANG_WARN_BOOL_CONVERSION = YES;
				CLANG_WARN_COMMA = YES;
				CLANG_WARN_CONSTANT_CONVERSION = YES;
				CLANG_WARN_DEPRECATED_OBJC_IMPLEMENTATIONS = YES;
				CLANG_WARN_DIRECT_OBJC_ISA_USAGE = YES_ERROR;
				CLANG_WARN_DOCUMENTATION_COMMENTS = YES;
				CLANG_WARN_EMPTY_BODY = YES;
				CLANG_WARN_ENUM_CONVERSION = YES;
				CLANG_WARN_INFINITE_RECURSION = YES;
				CLANG_WARN_INT_CONVERSION = YES;
				CLANG_WARN_NON_LITERAL_NULL_CONVERSION = YES;
				CLANG_WARN_OBJC_IMPLICIT_RETAIN_SELF = YES;
				CLANG_WARN_OBJC_LITERAL_CONVERSION = YES;
				CLANG_WARN_OBJC_ROOT_CLASS = YES_ERROR;
				CLANG_WARN_QUOTED_INCLUDE_IN_FRAMEWORK_HEADER = YES;
				CLANG_WARN_RANGE_LOOP_ANALYSIS = YES;
				CLANG_WARN_STRICT_PROTOTYPES = YES;
				CLANG_WARN_SUSPICIOUS_MOVE = YES;
				CLANG_WARN_UNGUARDED_AVAILABILITY = YES_AGGRESSIVE;
				CLANG_WARN_UNREACHABLE_CODE = YES;
				CLANG_WARN__DUPLICATE_METHOD_MATCH = YES;
				COPY_PHASE_STRIP = NO;
				DEBUG_INFORMATION_FORMAT = dwarf;
				ENABLE_STRICT_OBJC_MSGSEND = YES;
				ENABLE_TESTABILITY = YES;
				GCC_C_LANGUAGE_STANDARD = gnu11;
				GCC_DYNAMIC_NO_PIC = NO;
				GCC_NO_COMMON_BLOCKS = YES;
				GCC_OPTIMIZATION_LEVEL = 0;
				GCC_PREPROCESSOR_DEFINITIONS = (
					"DEBUG=1",
					"$(inherited)",
				);
				GCC_WARN_64_TO_32_BIT_CONVERSION = YES;
				GCC_WARN_ABOUT_RETURN_TYPE = YES_ERROR;
				GCC_WARN_UNDECLARED_SELECTOR = YES;
				GCC_WARN_UNINITIALIZED_AUTOS = YES_AGGRESSIVE;
				GCC_WARN_UNUSED_FUNCTION = YES;
				GCC_WARN_UNUSED_VARIABLE = YES;
				IPHONEOS_DEPLOYMENT_TARGET = 15.0;
				MACOSX_DEPLOYMENT_TARGET = 12.0;
				MTL_ENABLE_DEBUG_INFO = INCLUDE_SOURCE;
				MTL_FAST_MATH = YES;
				ONLY_ACTIVE_ARCH = YES;
				SWIFT_ACTIVE_COMPILATION_CONDITIONS = DEBUG;
				SWIFT_OPTIMIZATION_LEVEL = "-Onone";
			};
			name = Debug;
		};
		855E55F7280EA0E900D9D58B /* Release */ = {
			isa = XCBuildConfiguration;
			baseConfigurationReference = 855E563F280EAC3000D9D58B /* Release.xcconfig */;
			buildSettings = {
				ALWAYS_SEARCH_USER_PATHS = NO;
				CLANG_ANALYZER_NONNULL = YES;
				CLANG_ANALYZER_NUMBER_OBJECT_CONVERSION = YES_AGGRESSIVE;
				CLANG_CXX_LANGUAGE_STANDARD = "gnu++17";
				CLANG_ENABLE_MODULES = YES;
				CLANG_ENABLE_OBJC_ARC = YES;
				CLANG_ENABLE_OBJC_WEAK = YES;
				CLANG_WARN_BLOCK_CAPTURE_AUTORELEASING = YES;
				CLANG_WARN_BOOL_CONVERSION = YES;
				CLANG_WARN_COMMA = YES;
				CLANG_WARN_CONSTANT_CONVERSION = YES;
				CLANG_WARN_DEPRECATED_OBJC_IMPLEMENTATIONS = YES;
				CLANG_WARN_DIRECT_OBJC_ISA_USAGE = YES_ERROR;
				CLANG_WARN_DOCUMENTATION_COMMENTS = YES;
				CLANG_WARN_EMPTY_BODY = YES;
				CLANG_WARN_ENUM_CONVERSION = YES;
				CLANG_WARN_INFINITE_RECURSION = YES;
				CLANG_WARN_INT_CONVERSION = YES;
				CLANG_WARN_NON_LITERAL_NULL_CONVERSION = YES;
				CLANG_WARN_OBJC_IMPLICIT_RETAIN_SELF = YES;
				CLANG_WARN_OBJC_LITERAL_CONVERSION = YES;
				CLANG_WARN_OBJC_ROOT_CLASS = YES_ERROR;
				CLANG_WARN_QUOTED_INCLUDE_IN_FRAMEWORK_HEADER = YES;
				CLANG_WARN_RANGE_LOOP_ANALYSIS = YES;
				CLANG_WARN_STRICT_PROTOTYPES = YES;
				CLANG_WARN_SUSPICIOUS_MOVE = YES;
				CLANG_WARN_UNGUARDED_AVAILABILITY = YES_AGGRESSIVE;
				CLANG_WARN_UNREACHABLE_CODE = YES;
				CLANG_WARN__DUPLICATE_METHOD_MATCH = YES;
				COPY_PHASE_STRIP = NO;
				DEBUG_INFORMATION_FORMAT = "dwarf-with-dsym";
				ENABLE_NS_ASSERTIONS = NO;
				ENABLE_STRICT_OBJC_MSGSEND = YES;
				GCC_C_LANGUAGE_STANDARD = gnu11;
				GCC_NO_COMMON_BLOCKS = YES;
				GCC_WARN_64_TO_32_BIT_CONVERSION = YES;
				GCC_WARN_ABOUT_RETURN_TYPE = YES_ERROR;
				GCC_WARN_UNDECLARED_SELECTOR = YES;
				GCC_WARN_UNINITIALIZED_AUTOS = YES_AGGRESSIVE;
				GCC_WARN_UNUSED_FUNCTION = YES;
				GCC_WARN_UNUSED_VARIABLE = YES;
				IPHONEOS_DEPLOYMENT_TARGET = 15.0;
				MACOSX_DEPLOYMENT_TARGET = 12.0;
				MTL_ENABLE_DEBUG_INFO = NO;
				MTL_FAST_MATH = YES;
				SWIFT_COMPILATION_MODE = wholemodule;
				SWIFT_OPTIMIZATION_LEVEL = "-O";
			};
			name = Release;
		};
		855E55F9280EA0E900D9D58B /* Debug */ = {
			isa = XCBuildConfiguration;
			baseConfigurationReference = 855E563F280EAC3000D9D58B /* Release.xcconfig */;
			buildSettings = {
				ASSETCATALOG_COMPILER_APPICON_NAME = AppIcon;
				ASSETCATALOG_COMPILER_GLOBAL_ACCENT_COLOR_NAME = AccentColor;
				CODE_SIGN_STYLE = Automatic;
				CURRENT_PROJECT_VERSION = "$(APP_BUILD)";
				ENABLE_PREVIEWS = YES;
				GENERATE_INFOPLIST_FILE = YES;
				INFOPLIST_FILE = "iOSTemplate--iOS--Info.plist";
				INFOPLIST_KEY_CFBundleDisplayName = "$(APP_DISPLAY_NAME)";
				INFOPLIST_KEY_UIApplicationSceneManifest_Generation = YES;
				INFOPLIST_KEY_UIApplicationSupportsIndirectInputEvents = YES;
				INFOPLIST_KEY_UILaunchScreen_Generation = YES;
				INFOPLIST_KEY_UISupportedInterfaceOrientations_iPad = "UIInterfaceOrientationPortrait UIInterfaceOrientationPortraitUpsideDown UIInterfaceOrientationLandscapeLeft UIInterfaceOrientationLandscapeRight";
				INFOPLIST_KEY_UISupportedInterfaceOrientations_iPhone = "UIInterfaceOrientationPortrait UIInterfaceOrientationLandscapeLeft UIInterfaceOrientationLandscapeRight";
				IPHONEOS_DEPLOYMENT_TARGET = 15.4;
				LD_RUNPATH_SEARCH_PATHS = (
					"$(inherited)",
					"@executable_path/Frameworks",
				);
				MARKETING_VERSION = "$(APP_VERSION)";
				PRODUCT_BUNDLE_IDENTIFIER = "--APP-BUNDLE-IDENTIFIER-";
				PRODUCT_NAME = iOSTemplate;
				SDKROOT = iphoneos;
				SWIFT_EMIT_LOC_STRINGS = YES;
				SWIFT_VERSION = 5.0;
				TARGETED_DEVICE_FAMILY = "1,2";
			};
			name = Debug;
		};
		855E55FA280EA0E900D9D58B /* Release */ = {
			isa = XCBuildConfiguration;
			baseConfigurationReference = 855E563F280EAC3000D9D58B /* Release.xcconfig */;
			buildSettings = {
				ASSETCATALOG_COMPILER_APPICON_NAME = AppIcon;
				ASSETCATALOG_COMPILER_GLOBAL_ACCENT_COLOR_NAME = AccentColor;
				CODE_SIGN_STYLE = Automatic;
				CURRENT_PROJECT_VERSION = "$(APP_BUILD)";
				ENABLE_PREVIEWS = YES;
				GENERATE_INFOPLIST_FILE = YES;
				INFOPLIST_FILE = "iOSTemplate--iOS--Info.plist";
				INFOPLIST_KEY_CFBundleDisplayName = "$(APP_DISPLAY_NAME)";
				INFOPLIST_KEY_UIApplicationSceneManifest_Generation = YES;
				INFOPLIST_KEY_UIApplicationSupportsIndirectInputEvents = YES;
				INFOPLIST_KEY_UILaunchScreen_Generation = YES;
				INFOPLIST_KEY_UISupportedInterfaceOrientations_iPad = "UIInterfaceOrientationPortrait UIInterfaceOrientationPortraitUpsideDown UIInterfaceOrientationLandscapeLeft UIInterfaceOrientationLandscapeRight";
				INFOPLIST_KEY_UISupportedInterfaceOrientations_iPhone = "UIInterfaceOrientationPortrait UIInterfaceOrientationLandscapeLeft UIInterfaceOrientationLandscapeRight";
				IPHONEOS_DEPLOYMENT_TARGET = 15.4;
				LD_RUNPATH_SEARCH_PATHS = (
					"$(inherited)",
					"@executable_path/Frameworks",
				);
				MARKETING_VERSION = "$(APP_VERSION)";
				PRODUCT_BUNDLE_IDENTIFIER = "--APP-BUNDLE-IDENTIFIER-";
				PRODUCT_NAME = iOSTemplate;
				SDKROOT = iphoneos;
				SWIFT_EMIT_LOC_STRINGS = YES;
				SWIFT_VERSION = 5.0;
				TARGETED_DEVICE_FAMILY = "1,2";
				VALIDATE_PRODUCT = YES;
			};
			name = Release;
		};
		855E55FC280EA0E900D9D58B /* Debug */ = {
			isa = XCBuildConfiguration;
			baseConfigurationReference = 855E563F280EAC3000D9D58B /* Release.xcconfig */;
			buildSettings = {
				ASSETCATALOG_COMPILER_APPICON_NAME = AppIcon;
				ASSETCATALOG_COMPILER_GLOBAL_ACCENT_COLOR_NAME = AccentColor;
				CODE_SIGN_ENTITLEMENTS = macOS/macOS.entitlements;
				CODE_SIGN_STYLE = Automatic;
				COMBINE_HIDPI_IMAGES = YES;
				CURRENT_PROJECT_VERSION = "$(APP_BUILD)";
				ENABLE_PREVIEWS = YES;
				GENERATE_INFOPLIST_FILE = YES;
				INFOPLIST_FILE = "iOSTemplate--macOS--Info.plist";
				INFOPLIST_KEY_NSHumanReadableCopyright = "";
				LD_RUNPATH_SEARCH_PATHS = (
					"$(inherited)",
					"@executable_path/../Frameworks",
				);
				MACOSX_DEPLOYMENT_TARGET = 12.3;
				MARKETING_VERSION = "$(APP_VERSION)";
				PRODUCT_BUNDLE_IDENTIFIER = "--APP-BUNDLE-IDENTIFIER-";
				PRODUCT_NAME = iOSTemplate;
				SDKROOT = macosx;
				SWIFT_EMIT_LOC_STRINGS = YES;
				SWIFT_VERSION = 5.0;
			};
			name = Debug;
		};
		855E55FD280EA0E900D9D58B /* Release */ = {
			isa = XCBuildConfiguration;
			baseConfigurationReference = 855E563F280EAC3000D9D58B /* Release.xcconfig */;
			buildSettings = {
				ASSETCATALOG_COMPILER_APPICON_NAME = AppIcon;
				ASSETCATALOG_COMPILER_GLOBAL_ACCENT_COLOR_NAME = AccentColor;
				CODE_SIGN_ENTITLEMENTS = macOS/macOS.entitlements;
				CODE_SIGN_STYLE = Automatic;
				COMBINE_HIDPI_IMAGES = YES;
				CURRENT_PROJECT_VERSION = "$(APP_BUILD)";
				ENABLE_PREVIEWS = YES;
				GENERATE_INFOPLIST_FILE = YES;
				INFOPLIST_FILE = "iOSTemplate--macOS--Info.plist";
				INFOPLIST_KEY_NSHumanReadableCopyright = "";
				LD_RUNPATH_SEARCH_PATHS = (
					"$(inherited)",
					"@executable_path/../Frameworks",
				);
				MACOSX_DEPLOYMENT_TARGET = 12.3;
				MARKETING_VERSION = "$(APP_VERSION)";
				PRODUCT_BUNDLE_IDENTIFIER = "--APP-BUNDLE-IDENTIFIER-";
				PRODUCT_NAME = iOSTemplate;
				SDKROOT = macosx;
				SWIFT_EMIT_LOC_STRINGS = YES;
				SWIFT_VERSION = 5.0;
			};
			name = Release;
		};
		855E55FF280EA0E900D9D58B /* Debug */ = {
			isa = XCBuildConfiguration;
			baseConfigurationReference = 855E563F280EAC3000D9D58B /* Release.xcconfig */;
			buildSettings = {
				ALWAYS_EMBED_SWIFT_STANDARD_LIBRARIES = YES;
				CODE_SIGN_STYLE = Automatic;
				CURRENT_PROJECT_VERSION = 1;
				GENERATE_INFOPLIST_FILE = YES;
				IPHONEOS_DEPLOYMENT_TARGET = 15.4;
				MARKETING_VERSION = 1.0;
				PRODUCT_BUNDLE_IDENTIFIER = "com.ihamadfuad.Tests-iOS";
				PRODUCT_NAME = "$(TARGET_NAME)";
				SDKROOT = iphoneos;
				SWIFT_EMIT_LOC_STRINGS = NO;
				SWIFT_VERSION = 5.0;
				TARGETED_DEVICE_FAMILY = "1,2";
				TEST_TARGET_NAME = "iOSTemplate (iOS)";
			};
			name = Debug;
		};
		855E5600280EA0E900D9D58B /* Release */ = {
			isa = XCBuildConfiguration;
			baseConfigurationReference = 855E563F280EAC3000D9D58B /* Release.xcconfig */;
			buildSettings = {
				ALWAYS_EMBED_SWIFT_STANDARD_LIBRARIES = YES;
				CODE_SIGN_STYLE = Automatic;
				CURRENT_PROJECT_VERSION = 1;
				GENERATE_INFOPLIST_FILE = YES;
				IPHONEOS_DEPLOYMENT_TARGET = 15.4;
				MARKETING_VERSION = 1.0;
				PRODUCT_BUNDLE_IDENTIFIER = "com.ihamadfuad.Tests-iOS";
				PRODUCT_NAME = "$(TARGET_NAME)";
				SDKROOT = iphoneos;
				SWIFT_EMIT_LOC_STRINGS = NO;
				SWIFT_VERSION = 5.0;
				TARGETED_DEVICE_FAMILY = "1,2";
				TEST_TARGET_NAME = "iOSTemplate (iOS)";
				VALIDATE_PRODUCT = YES;
			};
			name = Release;
		};
		855E5602280EA0E900D9D58B /* Debug */ = {
			isa = XCBuildConfiguration;
			baseConfigurationReference = 855E563F280EAC3000D9D58B /* Release.xcconfig */;
			buildSettings = {
				ALWAYS_EMBED_SWIFT_STANDARD_LIBRARIES = YES;
				CODE_SIGN_STYLE = Automatic;
				CURRENT_PROJECT_VERSION = 1;
				GENERATE_INFOPLIST_FILE = YES;
				MACOSX_DEPLOYMENT_TARGET = 12.3;
				MARKETING_VERSION = 1.0;
				PRODUCT_BUNDLE_IDENTIFIER = "com.ihamadfuad.Tests-macOS";
				PRODUCT_NAME = "$(TARGET_NAME)";
				SDKROOT = macosx;
				SWIFT_EMIT_LOC_STRINGS = NO;
				SWIFT_VERSION = 5.0;
				TEST_TARGET_NAME = "iOSTemplate (macOS)";
			};
			name = Debug;
		};
		855E5603280EA0E900D9D58B /* Release */ = {
			isa = XCBuildConfiguration;
			baseConfigurationReference = 855E563F280EAC3000D9D58B /* Release.xcconfig */;
			buildSettings = {
				ALWAYS_EMBED_SWIFT_STANDARD_LIBRARIES = YES;
				CODE_SIGN_STYLE = Automatic;
				CURRENT_PROJECT_VERSION = 1;
				GENERATE_INFOPLIST_FILE = YES;
				MACOSX_DEPLOYMENT_TARGET = 12.3;
				MARKETING_VERSION = 1.0;
				PRODUCT_BUNDLE_IDENTIFIER = "com.ihamadfuad.Tests-macOS";
				PRODUCT_NAME = "$(TARGET_NAME)";
				SDKROOT = macosx;
				SWIFT_EMIT_LOC_STRINGS = NO;
				SWIFT_VERSION = 5.0;
				TEST_TARGET_NAME = "iOSTemplate (macOS)";
			};
			name = Release;
		};
		855E5621280EA80500D9D58B /* Debug Development */ = {
			isa = XCBuildConfiguration;
			baseConfigurationReference = 855E563D280EAC0200D9D58B /* Development.xcconfig */;
			buildSettings = {
				ALWAYS_SEARCH_USER_PATHS = NO;
				CLANG_ANALYZER_NONNULL = YES;
				CLANG_ANALYZER_NUMBER_OBJECT_CONVERSION = YES_AGGRESSIVE;
				CLANG_CXX_LANGUAGE_STANDARD = "gnu++17";
				CLANG_ENABLE_MODULES = YES;
				CLANG_ENABLE_OBJC_ARC = YES;
				CLANG_ENABLE_OBJC_WEAK = YES;
				CLANG_WARN_BLOCK_CAPTURE_AUTORELEASING = YES;
				CLANG_WARN_BOOL_CONVERSION = YES;
				CLANG_WARN_COMMA = YES;
				CLANG_WARN_CONSTANT_CONVERSION = YES;
				CLANG_WARN_DEPRECATED_OBJC_IMPLEMENTATIONS = YES;
				CLANG_WARN_DIRECT_OBJC_ISA_USAGE = YES_ERROR;
				CLANG_WARN_DOCUMENTATION_COMMENTS = YES;
				CLANG_WARN_EMPTY_BODY = YES;
				CLANG_WARN_ENUM_CONVERSION = YES;
				CLANG_WARN_INFINITE_RECURSION = YES;
				CLANG_WARN_INT_CONVERSION = YES;
				CLANG_WARN_NON_LITERAL_NULL_CONVERSION = YES;
				CLANG_WARN_OBJC_IMPLICIT_RETAIN_SELF = YES;
				CLANG_WARN_OBJC_LITERAL_CONVERSION = YES;
				CLANG_WARN_OBJC_ROOT_CLASS = YES_ERROR;
				CLANG_WARN_QUOTED_INCLUDE_IN_FRAMEWORK_HEADER = YES;
				CLANG_WARN_RANGE_LOOP_ANALYSIS = YES;
				CLANG_WARN_STRICT_PROTOTYPES = YES;
				CLANG_WARN_SUSPICIOUS_MOVE = YES;
				CLANG_WARN_UNGUARDED_AVAILABILITY = YES_AGGRESSIVE;
				CLANG_WARN_UNREACHABLE_CODE = YES;
				CLANG_WARN__DUPLICATE_METHOD_MATCH = YES;
				COPY_PHASE_STRIP = NO;
				DEBUG_INFORMATION_FORMAT = dwarf;
				ENABLE_STRICT_OBJC_MSGSEND = YES;
				ENABLE_TESTABILITY = YES;
				GCC_C_LANGUAGE_STANDARD = gnu11;
				GCC_DYNAMIC_NO_PIC = NO;
				GCC_NO_COMMON_BLOCKS = YES;
				GCC_OPTIMIZATION_LEVEL = 0;
				GCC_PREPROCESSOR_DEFINITIONS = (
					"DEBUG=1",
					"$(inherited)",
				);
				GCC_WARN_64_TO_32_BIT_CONVERSION = YES;
				GCC_WARN_ABOUT_RETURN_TYPE = YES_ERROR;
				GCC_WARN_UNDECLARED_SELECTOR = YES;
				GCC_WARN_UNINITIALIZED_AUTOS = YES_AGGRESSIVE;
				GCC_WARN_UNUSED_FUNCTION = YES;
				GCC_WARN_UNUSED_VARIABLE = YES;
				IPHONEOS_DEPLOYMENT_TARGET = 15.0;
				MACOSX_DEPLOYMENT_TARGET = 12.0;
				MTL_ENABLE_DEBUG_INFO = INCLUDE_SOURCE;
				MTL_FAST_MATH = YES;
				ONLY_ACTIVE_ARCH = YES;
				SWIFT_ACTIVE_COMPILATION_CONDITIONS = DEBUG;
				SWIFT_OPTIMIZATION_LEVEL = "-Onone";
			};
			name = "Debug Development";
		};
		855E5622280EA80500D9D58B /* Debug Development */ = {
			isa = XCBuildConfiguration;
			baseConfigurationReference = 855E563D280EAC0200D9D58B /* Development.xcconfig */;
			buildSettings = {
				ASSETCATALOG_COMPILER_APPICON_NAME = AppIcon;
				ASSETCATALOG_COMPILER_GLOBAL_ACCENT_COLOR_NAME = AccentColor;
				CODE_SIGN_STYLE = Automatic;
				CURRENT_PROJECT_VERSION = "$(APP_BUILD)";
				ENABLE_PREVIEWS = YES;
				GENERATE_INFOPLIST_FILE = YES;
				INFOPLIST_FILE = "iOSTemplate--iOS--Info.plist";
				INFOPLIST_KEY_CFBundleDisplayName = "$(APP_DISPLAY_NAME)";
				INFOPLIST_KEY_UIApplicationSceneManifest_Generation = YES;
				INFOPLIST_KEY_UIApplicationSupportsIndirectInputEvents = YES;
				INFOPLIST_KEY_UILaunchScreen_Generation = YES;
				INFOPLIST_KEY_UISupportedInterfaceOrientations_iPad = "UIInterfaceOrientationPortrait UIInterfaceOrientationPortraitUpsideDown UIInterfaceOrientationLandscapeLeft UIInterfaceOrientationLandscapeRight";
				INFOPLIST_KEY_UISupportedInterfaceOrientations_iPhone = "UIInterfaceOrientationPortrait UIInterfaceOrientationLandscapeLeft UIInterfaceOrientationLandscapeRight";
				IPHONEOS_DEPLOYMENT_TARGET = 15.4;
				LD_RUNPATH_SEARCH_PATHS = (
					"$(inherited)",
					"@executable_path/Frameworks",
				);
				MARKETING_VERSION = "$(APP_VERSION)";
				PRODUCT_BUNDLE_IDENTIFIER = "--APP-BUNDLE-IDENTIFIER-";
				PRODUCT_NAME = iOSTemplate;
				SDKROOT = iphoneos;
				SWIFT_EMIT_LOC_STRINGS = YES;
				SWIFT_VERSION = 5.0;
				TARGETED_DEVICE_FAMILY = "1,2";
			};
			name = "Debug Development";
		};
		855E5623280EA80500D9D58B /* Debug Development */ = {
			isa = XCBuildConfiguration;
			baseConfigurationReference = 855E563D280EAC0200D9D58B /* Development.xcconfig */;
			buildSettings = {
				ASSETCATALOG_COMPILER_APPICON_NAME = AppIcon;
				ASSETCATALOG_COMPILER_GLOBAL_ACCENT_COLOR_NAME = AccentColor;
				CODE_SIGN_ENTITLEMENTS = macOS/macOS.entitlements;
				CODE_SIGN_STYLE = Automatic;
				COMBINE_HIDPI_IMAGES = YES;
				CURRENT_PROJECT_VERSION = "$(APP_BUILD)";
				ENABLE_PREVIEWS = YES;
				GENERATE_INFOPLIST_FILE = YES;
				INFOPLIST_FILE = "iOSTemplate--macOS--Info.plist";
				INFOPLIST_KEY_NSHumanReadableCopyright = "";
				LD_RUNPATH_SEARCH_PATHS = (
					"$(inherited)",
					"@executable_path/../Frameworks",
				);
				MACOSX_DEPLOYMENT_TARGET = 12.3;
				MARKETING_VERSION = "$(APP_VERSION)";
				PRODUCT_BUNDLE_IDENTIFIER = "--APP-BUNDLE-IDENTIFIER-";
				PRODUCT_NAME = iOSTemplate;
				SDKROOT = macosx;
				SWIFT_EMIT_LOC_STRINGS = YES;
				SWIFT_VERSION = 5.0;
			};
			name = "Debug Development";
		};
		855E5624280EA80500D9D58B /* Debug Development */ = {
			isa = XCBuildConfiguration;
			baseConfigurationReference = 855E563D280EAC0200D9D58B /* Development.xcconfig */;
			buildSettings = {
				ALWAYS_EMBED_SWIFT_STANDARD_LIBRARIES = YES;
				CODE_SIGN_STYLE = Automatic;
				CURRENT_PROJECT_VERSION = 1;
				GENERATE_INFOPLIST_FILE = YES;
				IPHONEOS_DEPLOYMENT_TARGET = 15.4;
				MARKETING_VERSION = 1.0;
				PRODUCT_BUNDLE_IDENTIFIER = "com.ihamadfuad.Tests-iOS";
				PRODUCT_NAME = "$(TARGET_NAME)";
				SDKROOT = iphoneos;
				SWIFT_EMIT_LOC_STRINGS = NO;
				SWIFT_VERSION = 5.0;
				TARGETED_DEVICE_FAMILY = "1,2";
				TEST_TARGET_NAME = "iOSTemplate (iOS)";
			};
			name = "Debug Development";
		};
		855E5625280EA80500D9D58B /* Debug Development */ = {
			isa = XCBuildConfiguration;
			baseConfigurationReference = 855E563D280EAC0200D9D58B /* Development.xcconfig */;
			buildSettings = {
				ALWAYS_EMBED_SWIFT_STANDARD_LIBRARIES = YES;
				CODE_SIGN_STYLE = Automatic;
				CURRENT_PROJECT_VERSION = 1;
				GENERATE_INFOPLIST_FILE = YES;
				MACOSX_DEPLOYMENT_TARGET = 12.3;
				MARKETING_VERSION = 1.0;
				PRODUCT_BUNDLE_IDENTIFIER = "com.ihamadfuad.Tests-macOS";
				PRODUCT_NAME = "$(TARGET_NAME)";
				SDKROOT = macosx;
				SWIFT_EMIT_LOC_STRINGS = NO;
				SWIFT_VERSION = 5.0;
				TEST_TARGET_NAME = "iOSTemplate (macOS)";
			};
			name = "Debug Development";
		};
		855E5626280EA81000D9D58B /* Debug Staging */ = {
			isa = XCBuildConfiguration;
			baseConfigurationReference = 855E563E280EAC1E00D9D58B /* Staging.xcconfig */;
			buildSettings = {
				ALWAYS_SEARCH_USER_PATHS = NO;
				CLANG_ANALYZER_NONNULL = YES;
				CLANG_ANALYZER_NUMBER_OBJECT_CONVERSION = YES_AGGRESSIVE;
				CLANG_CXX_LANGUAGE_STANDARD = "gnu++17";
				CLANG_ENABLE_MODULES = YES;
				CLANG_ENABLE_OBJC_ARC = YES;
				CLANG_ENABLE_OBJC_WEAK = YES;
				CLANG_WARN_BLOCK_CAPTURE_AUTORELEASING = YES;
				CLANG_WARN_BOOL_CONVERSION = YES;
				CLANG_WARN_COMMA = YES;
				CLANG_WARN_CONSTANT_CONVERSION = YES;
				CLANG_WARN_DEPRECATED_OBJC_IMPLEMENTATIONS = YES;
				CLANG_WARN_DIRECT_OBJC_ISA_USAGE = YES_ERROR;
				CLANG_WARN_DOCUMENTATION_COMMENTS = YES;
				CLANG_WARN_EMPTY_BODY = YES;
				CLANG_WARN_ENUM_CONVERSION = YES;
				CLANG_WARN_INFINITE_RECURSION = YES;
				CLANG_WARN_INT_CONVERSION = YES;
				CLANG_WARN_NON_LITERAL_NULL_CONVERSION = YES;
				CLANG_WARN_OBJC_IMPLICIT_RETAIN_SELF = YES;
				CLANG_WARN_OBJC_LITERAL_CONVERSION = YES;
				CLANG_WARN_OBJC_ROOT_CLASS = YES_ERROR;
				CLANG_WARN_QUOTED_INCLUDE_IN_FRAMEWORK_HEADER = YES;
				CLANG_WARN_RANGE_LOOP_ANALYSIS = YES;
				CLANG_WARN_STRICT_PROTOTYPES = YES;
				CLANG_WARN_SUSPICIOUS_MOVE = YES;
				CLANG_WARN_UNGUARDED_AVAILABILITY = YES_AGGRESSIVE;
				CLANG_WARN_UNREACHABLE_CODE = YES;
				CLANG_WARN__DUPLICATE_METHOD_MATCH = YES;
				COPY_PHASE_STRIP = NO;
				DEBUG_INFORMATION_FORMAT = dwarf;
				ENABLE_STRICT_OBJC_MSGSEND = YES;
				ENABLE_TESTABILITY = YES;
				GCC_C_LANGUAGE_STANDARD = gnu11;
				GCC_DYNAMIC_NO_PIC = NO;
				GCC_NO_COMMON_BLOCKS = YES;
				GCC_OPTIMIZATION_LEVEL = 0;
				GCC_PREPROCESSOR_DEFINITIONS = (
					"DEBUG=1",
					"$(inherited)",
				);
				GCC_WARN_64_TO_32_BIT_CONVERSION = YES;
				GCC_WARN_ABOUT_RETURN_TYPE = YES_ERROR;
				GCC_WARN_UNDECLARED_SELECTOR = YES;
				GCC_WARN_UNINITIALIZED_AUTOS = YES_AGGRESSIVE;
				GCC_WARN_UNUSED_FUNCTION = YES;
				GCC_WARN_UNUSED_VARIABLE = YES;
				IPHONEOS_DEPLOYMENT_TARGET = 15.0;
				MACOSX_DEPLOYMENT_TARGET = 12.0;
				MTL_ENABLE_DEBUG_INFO = INCLUDE_SOURCE;
				MTL_FAST_MATH = YES;
				ONLY_ACTIVE_ARCH = YES;
				SWIFT_ACTIVE_COMPILATION_CONDITIONS = DEBUG;
				SWIFT_OPTIMIZATION_LEVEL = "-Onone";
			};
			name = "Debug Staging";
		};
		855E5627280EA81000D9D58B /* Debug Staging */ = {
			isa = XCBuildConfiguration;
			baseConfigurationReference = 855E563E280EAC1E00D9D58B /* Staging.xcconfig */;
			buildSettings = {
				ASSETCATALOG_COMPILER_APPICON_NAME = AppIcon;
				ASSETCATALOG_COMPILER_GLOBAL_ACCENT_COLOR_NAME = AccentColor;
				CODE_SIGN_STYLE = Automatic;
				CURRENT_PROJECT_VERSION = "$(APP_BUILD)";
				ENABLE_PREVIEWS = YES;
				GENERATE_INFOPLIST_FILE = YES;
				INFOPLIST_FILE = "iOSTemplate--iOS--Info.plist";
				INFOPLIST_KEY_CFBundleDisplayName = "$(APP_DISPLAY_NAME)";
				INFOPLIST_KEY_UIApplicationSceneManifest_Generation = YES;
				INFOPLIST_KEY_UIApplicationSupportsIndirectInputEvents = YES;
				INFOPLIST_KEY_UILaunchScreen_Generation = YES;
				INFOPLIST_KEY_UISupportedInterfaceOrientations_iPad = "UIInterfaceOrientationPortrait UIInterfaceOrientationPortraitUpsideDown UIInterfaceOrientationLandscapeLeft UIInterfaceOrientationLandscapeRight";
				INFOPLIST_KEY_UISupportedInterfaceOrientations_iPhone = "UIInterfaceOrientationPortrait UIInterfaceOrientationLandscapeLeft UIInterfaceOrientationLandscapeRight";
				IPHONEOS_DEPLOYMENT_TARGET = 15.4;
				LD_RUNPATH_SEARCH_PATHS = (
					"$(inherited)",
					"@executable_path/Frameworks",
				);
				MARKETING_VERSION = "$(APP_VERSION)";
				PRODUCT_BUNDLE_IDENTIFIER = "--APP-BUNDLE-IDENTIFIER-";
				PRODUCT_NAME = iOSTemplate;
				SDKROOT = iphoneos;
				SWIFT_EMIT_LOC_STRINGS = YES;
				SWIFT_VERSION = 5.0;
				TARGETED_DEVICE_FAMILY = "1,2";
			};
			name = "Debug Staging";
		};
		855E5628280EA81000D9D58B /* Debug Staging */ = {
			isa = XCBuildConfiguration;
			baseConfigurationReference = 855E563E280EAC1E00D9D58B /* Staging.xcconfig */;
			buildSettings = {
				ASSETCATALOG_COMPILER_APPICON_NAME = AppIcon;
				ASSETCATALOG_COMPILER_GLOBAL_ACCENT_COLOR_NAME = AccentColor;
				CODE_SIGN_ENTITLEMENTS = macOS/macOS.entitlements;
				CODE_SIGN_STYLE = Automatic;
				COMBINE_HIDPI_IMAGES = YES;
				CURRENT_PROJECT_VERSION = "$(APP_BUILD)";
				ENABLE_PREVIEWS = YES;
				GENERATE_INFOPLIST_FILE = YES;
				INFOPLIST_FILE = "iOSTemplate--macOS--Info.plist";
				INFOPLIST_KEY_NSHumanReadableCopyright = "";
				LD_RUNPATH_SEARCH_PATHS = (
					"$(inherited)",
					"@executable_path/../Frameworks",
				);
				MACOSX_DEPLOYMENT_TARGET = 12.3;
				MARKETING_VERSION = "$(APP_VERSION)";
				PRODUCT_BUNDLE_IDENTIFIER = "--APP-BUNDLE-IDENTIFIER-";
				PRODUCT_NAME = iOSTemplate;
				SDKROOT = macosx;
				SWIFT_EMIT_LOC_STRINGS = YES;
				SWIFT_VERSION = 5.0;
			};
			name = "Debug Staging";
		};
		855E5629280EA81000D9D58B /* Debug Staging */ = {
			isa = XCBuildConfiguration;
			baseConfigurationReference = 855E563E280EAC1E00D9D58B /* Staging.xcconfig */;
			buildSettings = {
				ALWAYS_EMBED_SWIFT_STANDARD_LIBRARIES = YES;
				CODE_SIGN_STYLE = Automatic;
				CURRENT_PROJECT_VERSION = 1;
				GENERATE_INFOPLIST_FILE = YES;
				IPHONEOS_DEPLOYMENT_TARGET = 15.4;
				MARKETING_VERSION = 1.0;
				PRODUCT_BUNDLE_IDENTIFIER = "com.ihamadfuad.Tests-iOS";
				PRODUCT_NAME = "$(TARGET_NAME)";
				SDKROOT = iphoneos;
				SWIFT_EMIT_LOC_STRINGS = NO;
				SWIFT_VERSION = 5.0;
				TARGETED_DEVICE_FAMILY = "1,2";
				TEST_TARGET_NAME = "iOSTemplate (iOS)";
			};
			name = "Debug Staging";
		};
		855E562A280EA81000D9D58B /* Debug Staging */ = {
			isa = XCBuildConfiguration;
			baseConfigurationReference = 855E563E280EAC1E00D9D58B /* Staging.xcconfig */;
			buildSettings = {
				ALWAYS_EMBED_SWIFT_STANDARD_LIBRARIES = YES;
				CODE_SIGN_STYLE = Automatic;
				CURRENT_PROJECT_VERSION = 1;
				GENERATE_INFOPLIST_FILE = YES;
				MACOSX_DEPLOYMENT_TARGET = 12.3;
				MARKETING_VERSION = 1.0;
				PRODUCT_BUNDLE_IDENTIFIER = "com.ihamadfuad.Tests-macOS";
				PRODUCT_NAME = "$(TARGET_NAME)";
				SDKROOT = macosx;
				SWIFT_EMIT_LOC_STRINGS = NO;
				SWIFT_VERSION = 5.0;
				TEST_TARGET_NAME = "iOSTemplate (macOS)";
			};
			name = "Debug Staging";
		};
		855E562B280EA81700D9D58B /* Release Development */ = {
			isa = XCBuildConfiguration;
			baseConfigurationReference = 855E563D280EAC0200D9D58B /* Development.xcconfig */;
			buildSettings = {
				ALWAYS_SEARCH_USER_PATHS = NO;
				CLANG_ANALYZER_NONNULL = YES;
				CLANG_ANALYZER_NUMBER_OBJECT_CONVERSION = YES_AGGRESSIVE;
				CLANG_CXX_LANGUAGE_STANDARD = "gnu++17";
				CLANG_ENABLE_MODULES = YES;
				CLANG_ENABLE_OBJC_ARC = YES;
				CLANG_ENABLE_OBJC_WEAK = YES;
				CLANG_WARN_BLOCK_CAPTURE_AUTORELEASING = YES;
				CLANG_WARN_BOOL_CONVERSION = YES;
				CLANG_WARN_COMMA = YES;
				CLANG_WARN_CONSTANT_CONVERSION = YES;
				CLANG_WARN_DEPRECATED_OBJC_IMPLEMENTATIONS = YES;
				CLANG_WARN_DIRECT_OBJC_ISA_USAGE = YES_ERROR;
				CLANG_WARN_DOCUMENTATION_COMMENTS = YES;
				CLANG_WARN_EMPTY_BODY = YES;
				CLANG_WARN_ENUM_CONVERSION = YES;
				CLANG_WARN_INFINITE_RECURSION = YES;
				CLANG_WARN_INT_CONVERSION = YES;
				CLANG_WARN_NON_LITERAL_NULL_CONVERSION = YES;
				CLANG_WARN_OBJC_IMPLICIT_RETAIN_SELF = YES;
				CLANG_WARN_OBJC_LITERAL_CONVERSION = YES;
				CLANG_WARN_OBJC_ROOT_CLASS = YES_ERROR;
				CLANG_WARN_QUOTED_INCLUDE_IN_FRAMEWORK_HEADER = YES;
				CLANG_WARN_RANGE_LOOP_ANALYSIS = YES;
				CLANG_WARN_STRICT_PROTOTYPES = YES;
				CLANG_WARN_SUSPICIOUS_MOVE = YES;
				CLANG_WARN_UNGUARDED_AVAILABILITY = YES_AGGRESSIVE;
				CLANG_WARN_UNREACHABLE_CODE = YES;
				CLANG_WARN__DUPLICATE_METHOD_MATCH = YES;
				COPY_PHASE_STRIP = NO;
				DEBUG_INFORMATION_FORMAT = "dwarf-with-dsym";
				ENABLE_NS_ASSERTIONS = NO;
				ENABLE_STRICT_OBJC_MSGSEND = YES;
				GCC_C_LANGUAGE_STANDARD = gnu11;
				GCC_NO_COMMON_BLOCKS = YES;
				GCC_WARN_64_TO_32_BIT_CONVERSION = YES;
				GCC_WARN_ABOUT_RETURN_TYPE = YES_ERROR;
				GCC_WARN_UNDECLARED_SELECTOR = YES;
				GCC_WARN_UNINITIALIZED_AUTOS = YES_AGGRESSIVE;
				GCC_WARN_UNUSED_FUNCTION = YES;
				GCC_WARN_UNUSED_VARIABLE = YES;
				IPHONEOS_DEPLOYMENT_TARGET = 15.0;
				MACOSX_DEPLOYMENT_TARGET = 12.0;
				MTL_ENABLE_DEBUG_INFO = NO;
				MTL_FAST_MATH = YES;
				SWIFT_COMPILATION_MODE = wholemodule;
				SWIFT_OPTIMIZATION_LEVEL = "-O";
			};
			name = "Release Development";
		};
		855E562C280EA81700D9D58B /* Release Development */ = {
			isa = XCBuildConfiguration;
			baseConfigurationReference = 855E563D280EAC0200D9D58B /* Development.xcconfig */;
			buildSettings = {
				ASSETCATALOG_COMPILER_APPICON_NAME = AppIcon;
				ASSETCATALOG_COMPILER_GLOBAL_ACCENT_COLOR_NAME = AccentColor;
				CODE_SIGN_STYLE = Automatic;
				CURRENT_PROJECT_VERSION = "$(APP_BUILD)";
				ENABLE_PREVIEWS = YES;
				GENERATE_INFOPLIST_FILE = YES;
				INFOPLIST_FILE = "iOSTemplate--iOS--Info.plist";
				INFOPLIST_KEY_CFBundleDisplayName = "$(APP_DISPLAY_NAME)";
				INFOPLIST_KEY_UIApplicationSceneManifest_Generation = YES;
				INFOPLIST_KEY_UIApplicationSupportsIndirectInputEvents = YES;
				INFOPLIST_KEY_UILaunchScreen_Generation = YES;
				INFOPLIST_KEY_UISupportedInterfaceOrientations_iPad = "UIInterfaceOrientationPortrait UIInterfaceOrientationPortraitUpsideDown UIInterfaceOrientationLandscapeLeft UIInterfaceOrientationLandscapeRight";
				INFOPLIST_KEY_UISupportedInterfaceOrientations_iPhone = "UIInterfaceOrientationPortrait UIInterfaceOrientationLandscapeLeft UIInterfaceOrientationLandscapeRight";
				IPHONEOS_DEPLOYMENT_TARGET = 15.4;
				LD_RUNPATH_SEARCH_PATHS = (
					"$(inherited)",
					"@executable_path/Frameworks",
				);
				MARKETING_VERSION = "$(APP_VERSION)";
				PRODUCT_BUNDLE_IDENTIFIER = "--APP-BUNDLE-IDENTIFIER-";
				PRODUCT_NAME = iOSTemplate;
				SDKROOT = iphoneos;
				SWIFT_EMIT_LOC_STRINGS = YES;
				SWIFT_VERSION = 5.0;
				TARGETED_DEVICE_FAMILY = "1,2";
				VALIDATE_PRODUCT = YES;
			};
			name = "Release Development";
		};
		855E562D280EA81700D9D58B /* Release Development */ = {
			isa = XCBuildConfiguration;
			baseConfigurationReference = 855E563D280EAC0200D9D58B /* Development.xcconfig */;
			buildSettings = {
				ASSETCATALOG_COMPILER_APPICON_NAME = AppIcon;
				ASSETCATALOG_COMPILER_GLOBAL_ACCENT_COLOR_NAME = AccentColor;
				CODE_SIGN_ENTITLEMENTS = macOS/macOS.entitlements;
				CODE_SIGN_STYLE = Automatic;
				COMBINE_HIDPI_IMAGES = YES;
				CURRENT_PROJECT_VERSION = "$(APP_BUILD)";
				ENABLE_PREVIEWS = YES;
				GENERATE_INFOPLIST_FILE = YES;
				INFOPLIST_FILE = "iOSTemplate--macOS--Info.plist";
				INFOPLIST_KEY_NSHumanReadableCopyright = "";
				LD_RUNPATH_SEARCH_PATHS = (
					"$(inherited)",
					"@executable_path/../Frameworks",
				);
				MACOSX_DEPLOYMENT_TARGET = 12.3;
				MARKETING_VERSION = "$(APP_VERSION)";
				PRODUCT_BUNDLE_IDENTIFIER = "--APP-BUNDLE-IDENTIFIER-";
				PRODUCT_NAME = iOSTemplate;
				SDKROOT = macosx;
				SWIFT_EMIT_LOC_STRINGS = YES;
				SWIFT_VERSION = 5.0;
			};
			name = "Release Development";
		};
		855E562E280EA81700D9D58B /* Release Development */ = {
			isa = XCBuildConfiguration;
			baseConfigurationReference = 855E563D280EAC0200D9D58B /* Development.xcconfig */;
			buildSettings = {
				ALWAYS_EMBED_SWIFT_STANDARD_LIBRARIES = YES;
				CODE_SIGN_STYLE = Automatic;
				CURRENT_PROJECT_VERSION = 1;
				GENERATE_INFOPLIST_FILE = YES;
				IPHONEOS_DEPLOYMENT_TARGET = 15.4;
				MARKETING_VERSION = 1.0;
				PRODUCT_BUNDLE_IDENTIFIER = "com.ihamadfuad.Tests-iOS";
				PRODUCT_NAME = "$(TARGET_NAME)";
				SDKROOT = iphoneos;
				SWIFT_EMIT_LOC_STRINGS = NO;
				SWIFT_VERSION = 5.0;
				TARGETED_DEVICE_FAMILY = "1,2";
				TEST_TARGET_NAME = "iOSTemplate (iOS)";
				VALIDATE_PRODUCT = YES;
			};
			name = "Release Development";
		};
		855E562F280EA81700D9D58B /* Release Development */ = {
			isa = XCBuildConfiguration;
			baseConfigurationReference = 855E563D280EAC0200D9D58B /* Development.xcconfig */;
			buildSettings = {
				ALWAYS_EMBED_SWIFT_STANDARD_LIBRARIES = YES;
				CODE_SIGN_STYLE = Automatic;
				CURRENT_PROJECT_VERSION = 1;
				GENERATE_INFOPLIST_FILE = YES;
				MACOSX_DEPLOYMENT_TARGET = 12.3;
				MARKETING_VERSION = 1.0;
				PRODUCT_BUNDLE_IDENTIFIER = "com.ihamadfuad.Tests-macOS";
				PRODUCT_NAME = "$(TARGET_NAME)";
				SDKROOT = macosx;
				SWIFT_EMIT_LOC_STRINGS = NO;
				SWIFT_VERSION = 5.0;
				TEST_TARGET_NAME = "iOSTemplate (macOS)";
			};
			name = "Release Development";
		};
		855E5630280EA82000D9D58B /* Release Staging */ = {
			isa = XCBuildConfiguration;
			baseConfigurationReference = 855E563E280EAC1E00D9D58B /* Staging.xcconfig */;
			buildSettings = {
				ALWAYS_SEARCH_USER_PATHS = NO;
				CLANG_ANALYZER_NONNULL = YES;
				CLANG_ANALYZER_NUMBER_OBJECT_CONVERSION = YES_AGGRESSIVE;
				CLANG_CXX_LANGUAGE_STANDARD = "gnu++17";
				CLANG_ENABLE_MODULES = YES;
				CLANG_ENABLE_OBJC_ARC = YES;
				CLANG_ENABLE_OBJC_WEAK = YES;
				CLANG_WARN_BLOCK_CAPTURE_AUTORELEASING = YES;
				CLANG_WARN_BOOL_CONVERSION = YES;
				CLANG_WARN_COMMA = YES;
				CLANG_WARN_CONSTANT_CONVERSION = YES;
				CLANG_WARN_DEPRECATED_OBJC_IMPLEMENTATIONS = YES;
				CLANG_WARN_DIRECT_OBJC_ISA_USAGE = YES_ERROR;
				CLANG_WARN_DOCUMENTATION_COMMENTS = YES;
				CLANG_WARN_EMPTY_BODY = YES;
				CLANG_WARN_ENUM_CONVERSION = YES;
				CLANG_WARN_INFINITE_RECURSION = YES;
				CLANG_WARN_INT_CONVERSION = YES;
				CLANG_WARN_NON_LITERAL_NULL_CONVERSION = YES;
				CLANG_WARN_OBJC_IMPLICIT_RETAIN_SELF = YES;
				CLANG_WARN_OBJC_LITERAL_CONVERSION = YES;
				CLANG_WARN_OBJC_ROOT_CLASS = YES_ERROR;
				CLANG_WARN_QUOTED_INCLUDE_IN_FRAMEWORK_HEADER = YES;
				CLANG_WARN_RANGE_LOOP_ANALYSIS = YES;
				CLANG_WARN_STRICT_PROTOTYPES = YES;
				CLANG_WARN_SUSPICIOUS_MOVE = YES;
				CLANG_WARN_UNGUARDED_AVAILABILITY = YES_AGGRESSIVE;
				CLANG_WARN_UNREACHABLE_CODE = YES;
				CLANG_WARN__DUPLICATE_METHOD_MATCH = YES;
				COPY_PHASE_STRIP = NO;
				DEBUG_INFORMATION_FORMAT = "dwarf-with-dsym";
				ENABLE_NS_ASSERTIONS = NO;
				ENABLE_STRICT_OBJC_MSGSEND = YES;
				GCC_C_LANGUAGE_STANDARD = gnu11;
				GCC_NO_COMMON_BLOCKS = YES;
				GCC_WARN_64_TO_32_BIT_CONVERSION = YES;
				GCC_WARN_ABOUT_RETURN_TYPE = YES_ERROR;
				GCC_WARN_UNDECLARED_SELECTOR = YES;
				GCC_WARN_UNINITIALIZED_AUTOS = YES_AGGRESSIVE;
				GCC_WARN_UNUSED_FUNCTION = YES;
				GCC_WARN_UNUSED_VARIABLE = YES;
				IPHONEOS_DEPLOYMENT_TARGET = 15.0;
				MACOSX_DEPLOYMENT_TARGET = 12.0;
				MTL_ENABLE_DEBUG_INFO = NO;
				MTL_FAST_MATH = YES;
				SWIFT_COMPILATION_MODE = wholemodule;
				SWIFT_OPTIMIZATION_LEVEL = "-O";
			};
			name = "Release Staging";
		};
		855E5631280EA82000D9D58B /* Release Staging */ = {
			isa = XCBuildConfiguration;
			baseConfigurationReference = 855E563E280EAC1E00D9D58B /* Staging.xcconfig */;
			buildSettings = {
				ASSETCATALOG_COMPILER_APPICON_NAME = AppIcon;
				ASSETCATALOG_COMPILER_GLOBAL_ACCENT_COLOR_NAME = AccentColor;
				CODE_SIGN_STYLE = Automatic;
				CURRENT_PROJECT_VERSION = "$(APP_BUILD)";
				ENABLE_PREVIEWS = YES;
				GENERATE_INFOPLIST_FILE = YES;
				INFOPLIST_FILE = "iOSTemplate--iOS--Info.plist";
				INFOPLIST_KEY_CFBundleDisplayName = "$(APP_DISPLAY_NAME)";
				INFOPLIST_KEY_UIApplicationSceneManifest_Generation = YES;
				INFOPLIST_KEY_UIApplicationSupportsIndirectInputEvents = YES;
				INFOPLIST_KEY_UILaunchScreen_Generation = YES;
				INFOPLIST_KEY_UISupportedInterfaceOrientations_iPad = "UIInterfaceOrientationPortrait UIInterfaceOrientationPortraitUpsideDown UIInterfaceOrientationLandscapeLeft UIInterfaceOrientationLandscapeRight";
				INFOPLIST_KEY_UISupportedInterfaceOrientations_iPhone = "UIInterfaceOrientationPortrait UIInterfaceOrientationLandscapeLeft UIInterfaceOrientationLandscapeRight";
				IPHONEOS_DEPLOYMENT_TARGET = 15.4;
				LD_RUNPATH_SEARCH_PATHS = (
					"$(inherited)",
					"@executable_path/Frameworks",
				);
				MARKETING_VERSION = "$(APP_VERSION)";
				PRODUCT_BUNDLE_IDENTIFIER = "--APP-BUNDLE-IDENTIFIER-";
				PRODUCT_NAME = iOSTemplate;
				SDKROOT = iphoneos;
				SWIFT_EMIT_LOC_STRINGS = YES;
				SWIFT_VERSION = 5.0;
				TARGETED_DEVICE_FAMILY = "1,2";
				VALIDATE_PRODUCT = YES;
			};
			name = "Release Staging";
		};
		855E5632280EA82000D9D58B /* Release Staging */ = {
			isa = XCBuildConfiguration;
			baseConfigurationReference = 855E563E280EAC1E00D9D58B /* Staging.xcconfig */;
			buildSettings = {
				ASSETCATALOG_COMPILER_APPICON_NAME = AppIcon;
				ASSETCATALOG_COMPILER_GLOBAL_ACCENT_COLOR_NAME = AccentColor;
				CODE_SIGN_ENTITLEMENTS = macOS/macOS.entitlements;
				CODE_SIGN_STYLE = Automatic;
				COMBINE_HIDPI_IMAGES = YES;
				CURRENT_PROJECT_VERSION = "$(APP_BUILD)";
				ENABLE_PREVIEWS = YES;
				GENERATE_INFOPLIST_FILE = YES;
				INFOPLIST_FILE = "iOSTemplate--macOS--Info.plist";
				INFOPLIST_KEY_NSHumanReadableCopyright = "";
				LD_RUNPATH_SEARCH_PATHS = (
					"$(inherited)",
					"@executable_path/../Frameworks",
				);
				MACOSX_DEPLOYMENT_TARGET = 12.3;
				MARKETING_VERSION = "$(APP_VERSION)";
				PRODUCT_BUNDLE_IDENTIFIER = "--APP-BUNDLE-IDENTIFIER-";
				PRODUCT_NAME = iOSTemplate;
				SDKROOT = macosx;
				SWIFT_EMIT_LOC_STRINGS = YES;
				SWIFT_VERSION = 5.0;
			};
			name = "Release Staging";
		};
		855E5633280EA82000D9D58B /* Release Staging */ = {
			isa = XCBuildConfiguration;
			baseConfigurationReference = 855E563E280EAC1E00D9D58B /* Staging.xcconfig */;
			buildSettings = {
				ALWAYS_EMBED_SWIFT_STANDARD_LIBRARIES = YES;
				CODE_SIGN_STYLE = Automatic;
				CURRENT_PROJECT_VERSION = 1;
				GENERATE_INFOPLIST_FILE = YES;
				IPHONEOS_DEPLOYMENT_TARGET = 15.4;
				MARKETING_VERSION = 1.0;
				PRODUCT_BUNDLE_IDENTIFIER = "com.ihamadfuad.Tests-iOS";
				PRODUCT_NAME = "$(TARGET_NAME)";
				SDKROOT = iphoneos;
				SWIFT_EMIT_LOC_STRINGS = NO;
				SWIFT_VERSION = 5.0;
				TARGETED_DEVICE_FAMILY = "1,2";
				TEST_TARGET_NAME = "iOSTemplate (iOS)";
				VALIDATE_PRODUCT = YES;
			};
			name = "Release Staging";
		};
		855E5634280EA82000D9D58B /* Release Staging */ = {
			isa = XCBuildConfiguration;
			baseConfigurationReference = 855E563E280EAC1E00D9D58B /* Staging.xcconfig */;
			buildSettings = {
				ALWAYS_EMBED_SWIFT_STANDARD_LIBRARIES = YES;
				CODE_SIGN_STYLE = Automatic;
				CURRENT_PROJECT_VERSION = 1;
				GENERATE_INFOPLIST_FILE = YES;
				MACOSX_DEPLOYMENT_TARGET = 12.3;
				MARKETING_VERSION = 1.0;
				PRODUCT_BUNDLE_IDENTIFIER = "com.ihamadfuad.Tests-macOS";
				PRODUCT_NAME = "$(TARGET_NAME)";
				SDKROOT = macosx;
				SWIFT_EMIT_LOC_STRINGS = NO;
				SWIFT_VERSION = 5.0;
				TEST_TARGET_NAME = "iOSTemplate (macOS)";
			};
			name = "Release Staging";
		};
/* End XCBuildConfiguration section */

/* Begin XCConfigurationList section */
		855E55C6280EA0E200D9D58B /* Build configuration list for PBXProject "iOSTemplate" */ = {
			isa = XCConfigurationList;
			buildConfigurations = (
				855E55F6280EA0E900D9D58B /* Debug */,
				855E5621280EA80500D9D58B /* Debug Development */,
				855E5626280EA81000D9D58B /* Debug Staging */,
				855E55F7280EA0E900D9D58B /* Release */,
				855E5630280EA82000D9D58B /* Release Staging */,
				855E562B280EA81700D9D58B /* Release Development */,
			);
			defaultConfigurationIsVisible = 0;
			defaultConfigurationName = Release;
		};
		855E55F8280EA0E900D9D58B /* Build configuration list for PBXNativeTarget "iOSTemplate (iOS)" */ = {
			isa = XCConfigurationList;
			buildConfigurations = (
				855E55F9280EA0E900D9D58B /* Debug */,
				855E5622280EA80500D9D58B /* Debug Development */,
				855E5627280EA81000D9D58B /* Debug Staging */,
				855E55FA280EA0E900D9D58B /* Release */,
				855E5631280EA82000D9D58B /* Release Staging */,
				855E562C280EA81700D9D58B /* Release Development */,
			);
			defaultConfigurationIsVisible = 0;
			defaultConfigurationName = Release;
		};
		855E55FB280EA0E900D9D58B /* Build configuration list for PBXNativeTarget "iOSTemplate (macOS)" */ = {
			isa = XCConfigurationList;
			buildConfigurations = (
				855E55FC280EA0E900D9D58B /* Debug */,
				855E5623280EA80500D9D58B /* Debug Development */,
				855E5628280EA81000D9D58B /* Debug Staging */,
				855E55FD280EA0E900D9D58B /* Release */,
				855E5632280EA82000D9D58B /* Release Staging */,
				855E562D280EA81700D9D58B /* Release Development */,
			);
			defaultConfigurationIsVisible = 0;
			defaultConfigurationName = Release;
		};
		855E55FE280EA0E900D9D58B /* Build configuration list for PBXNativeTarget "Tests iOS" */ = {
			isa = XCConfigurationList;
			buildConfigurations = (
				855E55FF280EA0E900D9D58B /* Debug */,
				855E5624280EA80500D9D58B /* Debug Development */,
				855E5629280EA81000D9D58B /* Debug Staging */,
				855E5600280EA0E900D9D58B /* Release */,
				855E5633280EA82000D9D58B /* Release Staging */,
				855E562E280EA81700D9D58B /* Release Development */,
			);
			defaultConfigurationIsVisible = 0;
			defaultConfigurationName = Release;
		};
		855E5601280EA0E900D9D58B /* Build configuration list for PBXNativeTarget "Tests macOS" */ = {
			isa = XCConfigurationList;
			buildConfigurations = (
				855E5602280EA0E900D9D58B /* Debug */,
				855E5625280EA80500D9D58B /* Debug Development */,
				855E562A280EA81000D9D58B /* Debug Staging */,
				855E5603280EA0E900D9D58B /* Release */,
				855E5634280EA82000D9D58B /* Release Staging */,
				855E562F280EA81700D9D58B /* Release Development */,
			);
			defaultConfigurationIsVisible = 0;
			defaultConfigurationName = Release;
		};
/* End XCConfigurationList section */

/* Begin XCRemoteSwiftPackageReference section */
		855E5604280EA35B00D9D58B /* XCRemoteSwiftPackageReference "SwiftUIPro" */ = {
			isa = XCRemoteSwiftPackageReference;
			repositoryURL = "https://github.com/ihamadfuad/SwiftUIPro.git";
			requirement = {
				branch = main;
				kind = branch;
			};
		};
		855E5607280EA38200D9D58B /* XCRemoteSwiftPackageReference "SwiftExtensions" */ = {
			isa = XCRemoteSwiftPackageReference;
			repositoryURL = "https://github.com/ihamadfuad/SwiftExtensions.git";
			requirement = {
				branch = main;
				kind = branch;
			};
		};
		855E560A280EA3A900D9D58B /* XCRemoteSwiftPackageReference "PropertyWrapperAPI" */ = {
			isa = XCRemoteSwiftPackageReference;
			repositoryURL = "https://github.com/ihamadfuad/PropertyWrapperAPI.git";
			requirement = {
				branch = main;
				kind = branch;
			};
		};
/* End XCRemoteSwiftPackageReference section */

/* Begin XCSwiftPackageProductDependency section */
		855E5605280EA35B00D9D58B /* SwiftUIPro */ = {
			isa = XCSwiftPackageProductDependency;
			package = 855E5604280EA35B00D9D58B /* XCRemoteSwiftPackageReference "SwiftUIPro" */;
			productName = SwiftUIPro;
		};
		855E5608280EA38200D9D58B /* SwiftExtensions */ = {
			isa = XCSwiftPackageProductDependency;
			package = 855E5607280EA38200D9D58B /* XCRemoteSwiftPackageReference "SwiftExtensions" */;
			productName = SwiftExtensions;
		};
		855E560B280EA3A900D9D58B /* PropertyWrapperAPI */ = {
			isa = XCSwiftPackageProductDependency;
			package = 855E560A280EA3A900D9D58B /* XCRemoteSwiftPackageReference "PropertyWrapperAPI" */;
			productName = PropertyWrapperAPI;
		};
/* End XCSwiftPackageProductDependency section */
	};
	rootObject = 855E55C3280EA0E200D9D58B /* Project object */;
}
